// !$*UTF8*$!
{
	archiveVersion = 1;
	classes = {
	};
	objectVersion = 46;
	objects = {

/* Begin PBXBuildFile section */
		03156E9418902F26006D04FC /* statistic@2x.png in Resources */ = {isa = PBXBuildFile; fileRef = 03156E9318902F26006D04FC /* statistic@2x.png */; };
		03156E98189032AC006D04FC /* highscore@2x.png in Resources */ = {isa = PBXBuildFile; fileRef = 03156E97189032AC006D04FC /* highscore@2x.png */; };
		03156E9E18904D76006D04FC /* infinity@2x.png in Resources */ = {isa = PBXBuildFile; fileRef = 03156E9D18904D76006D04FC /* infinity@2x.png */; };
		03156EA2189054AF006D04FC /* 1Minute@2x.png in Resources */ = {isa = PBXBuildFile; fileRef = 03156EA1189054AF006D04FC /* 1Minute@2x.png */; };
		0357E1451896D8D800C44767 /* bestOf10@2x.png in Resources */ = {isa = PBXBuildFile; fileRef = 0357E1441896D8D800C44767 /* bestOf10@2x.png */; };
		0357E1471896DDEF00C44767 /* Multiplayer@2x.png in Resources */ = {isa = PBXBuildFile; fileRef = 0357E1461896DDEF00C44767 /* Multiplayer@2x.png */; };
		03ECD3D8188ABFBE00802A1B /* startQuiz@2x.png in Resources */ = {isa = PBXBuildFile; fileRef = 03ECD3D7188ABFBE00802A1B /* startQuiz@2x.png */; };
		03ECD3DA188BF53F00802A1B /* submitQuestion@2x.png in Resources */ = {isa = PBXBuildFile; fileRef = 03ECD3D9188BF53F00802A1B /* submitQuestion@2x.png */; };
		03ECD3EA188BF85300802A1B /* profile@2x.png in Resources */ = {isa = PBXBuildFile; fileRef = 03ECD3E9188BF85300802A1B /* profile@2x.png */; };
		2078D1E4188F417B005C60E6 /* APIController.m in Sources */ = {isa = PBXBuildFile; fileRef = 2078D1E2188F417B005C60E6 /* APIController.m */; };
		2078D1E9188F41E7005C60E6 /* WebViewController.m in Sources */ = {isa = PBXBuildFile; fileRef = 2078D1E7188F41E7005C60E6 /* WebViewController.m */; };
		2078D1EA188F41E7005C60E6 /* WebViewController.xib in Resources */ = {isa = PBXBuildFile; fileRef = 2078D1E8188F41E7005C60E6 /* WebViewController.xib */; };
		20CA4BC2189AF49800CFD3E2 /* ThoMoNetworking.framework in Frameworks */ = {isa = PBXBuildFile; fileRef = 20CA4BC1189AF49800CFD3E2 /* ThoMoNetworking.framework */; };
		20CA4BC5189AF8A300CFD3E2 /* Course.m in Sources */ = {isa = PBXBuildFile; fileRef = 20CA4BC4189AF8A300CFD3E2 /* Course.m */; };
		401EDAB31887ED1C0091AD0A /* QuartzCore.framework in Frameworks */ = {isa = PBXBuildFile; fileRef = 401EDAB21887ED1C0091AD0A /* QuartzCore.framework */; };
		401EDAB6188813C70091AD0A /* StatisticsPageViewController.m in Sources */ = {isa = PBXBuildFile; fileRef = 401EDAB5188813C70091AD0A /* StatisticsPageViewController.m */; };
		401EDAB91888154F0091AD0A /* SelectCourseStatisticsViewController.m in Sources */ = {isa = PBXBuildFile; fileRef = 401EDAB81888154F0091AD0A /* SelectCourseStatisticsViewController.m */; };
		401EDABD188817D40091AD0A /* Courses.m in Sources */ = {isa = PBXBuildFile; fileRef = 401EDABC188817D40091AD0A /* Courses.m */; };
		750496361890541D00FD8C76 /* JoinViewController.m in Sources */ = {isa = PBXBuildFile; fileRef = 750496351890541D00FD8C76 /* JoinViewController.m */; };
		750496391890542C00FD8C76 /* HostViewController.m in Sources */ = {isa = PBXBuildFile; fileRef = 750496381890542C00FD8C76 /* HostViewController.m */; };
		7520191818993C4D007FA2F1 /* MultiGameViewController.m in Sources */ = {isa = PBXBuildFile; fileRef = 7520191718993C4D007FA2F1 /* MultiGameViewController.m */; };
		757862BB188ED40D00F21292 /* GameKit.framework in Frameworks */ = {isa = PBXBuildFile; fileRef = 757862BA188ED40D00F21292 /* GameKit.framework */; };
		759D2FE2189977B9008A70FA /* ScoreViewController.m in Sources */ = {isa = PBXBuildFile; fileRef = 759D2FE1189977B9008A70FA /* ScoreViewController.m */; };
		75BC57A61891C211003081CE /* NetworkManager.m in Sources */ = {isa = PBXBuildFile; fileRef = 75BC57A51891C211003081CE /* NetworkManager.m */; };
		75F7ECD9189D67810001F78B /* examiner_startscreen_logo.png in Resources */ = {isa = PBXBuildFile; fileRef = 75F7ECD8189D67810001F78B /* examiner_startscreen_logo.png */; };
		75F7ECDB189D68690001F78B /* original_l2p_logo.png in Resources */ = {isa = PBXBuildFile; fileRef = 75F7ECDA189D68690001F78B /* original_l2p_logo.png */; };
		75F7ECDF189D6C050001F78B /* Multiplayer_without_label.png in Resources */ = {isa = PBXBuildFile; fileRef = 75F7ECDE189D6C050001F78B /* Multiplayer_without_label.png */; };
		75F7ECE1189D6C6C0001F78B /* singleplayer.png in Resources */ = {isa = PBXBuildFile; fileRef = 75F7ECE0189D6C6C0001F78B /* singleplayer.png */; };
		9505F3381891599400A1858F /* MultiplayerManager.m in Sources */ = {isa = PBXBuildFile; fileRef = 9505F3371891599400A1858F /* MultiplayerManager.m */; };
		9517626818898C0500730C0F /* libCorePlot-CocoaTouch.a in Frameworks */ = {isa = PBXBuildFile; fileRef = 401EDAB01887ECC10091AD0A /* libCorePlot-CocoaTouch.a */; };
		951861E4189E66F50080ABD1 /* StatsManager.m in Sources */ = {isa = PBXBuildFile; fileRef = 951861E3189E66F50080ABD1 /* StatsManager.m */; };
		953017B7187E973F00917C7C /* ParseManager.m in Sources */ = {isa = PBXBuildFile; fileRef = 953017B6187E973F00917C7C /* ParseManager.m */; };
		9535D355189BBEFB00E612C3 /* CPDConstants.m in Sources */ = {isa = PBXBuildFile; fileRef = 409B1E9018896C2F006E7240 /* CPDConstants.m */; };
		9535D356189BBEFC00E612C3 /* CPDStockPriceStore.m in Sources */ = {isa = PBXBuildFile; fileRef = 409B1E9218896C2F006E7240 /* CPDStockPriceStore.m */; };
		9535D357189BBF7B00E612C3 /* StatisticsViewController.m in Sources */ = {isa = PBXBuildFile; fileRef = 409B1E8D18895579006E7240 /* StatisticsViewController.m */; };
		9535D358189BBF7C00E612C3 /* StatisticsPageContentViewController.m in Sources */ = {isa = PBXBuildFile; fileRef = 409B1E8A18894E11006E7240 /* StatisticsPageContentViewController.m */; };
		9535D35A189C13F400E612C3 /* score_profile@2x.png in Resources */ = {isa = PBXBuildFile; fileRef = 9535D359189C13F400E612C3 /* score_profile@2x.png */; };
		9535D35D189C150700E612C3 /* ProfileViewController.m in Sources */ = {isa = PBXBuildFile; fileRef = 9535D35C189C150700E612C3 /* ProfileViewController.m */; };
		9569660D188BD9BC00B94176 /* (null) in Resources */ = {isa = PBXBuildFile; };
		9569660E188BD9BC00B94176 /* (null) in Resources */ = {isa = PBXBuildFile; };
		9569660F188BD9BC00B94176 /* startQuiz@2x.png in Resources */ = {isa = PBXBuildFile; fileRef = 03ECD3D7188ABFBE00802A1B /* startQuiz@2x.png */; };
		95696610188BD9BC00B94176 /* logo_l2p@2x.png in Resources */ = {isa = PBXBuildFile; fileRef = 03ECD3C918896EF700802A1B /* logo_l2p@2x.png */; };
		9579AFB2187EF04100747EF6 /* Question.m in Sources */ = {isa = PBXBuildFile; fileRef = 9579AFB1187EF04100747EF6 /* Question.m */; };
		9582A723188C0EB2001E5082 /* ResultCell.m in Sources */ = {isa = PBXBuildFile; fileRef = 9582A722188C0EB2001E5082 /* ResultCell.m */; };
		958F8DF31885472A00F87F00 /* SingleGameManager.m in Sources */ = {isa = PBXBuildFile; fileRef = 958F8DF21885472A00F87F00 /* SingleGameManager.m */; };
		958F8DF61885483500F87F00 /* StartQuizViewController.m in Sources */ = {isa = PBXBuildFile; fileRef = 958F8DF51885483500F87F00 /* StartQuizViewController.m */; };
		958F8DF918854B2B00F87F00 /* SelectCourseViewController.m in Sources */ = {isa = PBXBuildFile; fileRef = 958F8DF818854B2B00F87F00 /* SelectCourseViewController.m */; };
		958F8DFC1885563800F87F00 /* GameViewController.m in Sources */ = {isa = PBXBuildFile; fileRef = 958F8DFB1885563800F87F00 /* GameViewController.m */; };
		959A2DDA18940B4F0036586A /* UserManager.m in Sources */ = {isa = PBXBuildFile; fileRef = 959A2DD918940B4F0036586A /* UserManager.m */; };
		95DE358518858F5D00BF8CB3 /* sol_background.png in Resources */ = {isa = PBXBuildFile; fileRef = 95DE358418858F5D00BF8CB3 /* sol_background.png */; };
		95DE35871885901A00BF8CB3 /* question_background.png in Resources */ = {isa = PBXBuildFile; fileRef = 95DE35861885901A00BF8CB3 /* question_background.png */; };
		95DE358B188594F300BF8CB3 /* sol_background_correct.png in Resources */ = {isa = PBXBuildFile; fileRef = 95DE3588188594F300BF8CB3 /* sol_background_correct.png */; };
		95DE358C188594F300BF8CB3 /* sol_background_selected.png in Resources */ = {isa = PBXBuildFile; fileRef = 95DE3589188594F300BF8CB3 /* sol_background_selected.png */; };
		95DE358D188594F300BF8CB3 /* sol_background_wrong.png in Resources */ = {isa = PBXBuildFile; fileRef = 95DE358A188594F300BF8CB3 /* sol_background_wrong.png */; };
		95E75A3F187C162800FFE5AD /* Foundation.framework in Frameworks */ = {isa = PBXBuildFile; fileRef = 95E75A3E187C162800FFE5AD /* Foundation.framework */; };
		95E75A41187C162800FFE5AD /* CoreGraphics.framework in Frameworks */ = {isa = PBXBuildFile; fileRef = 95E75A40187C162800FFE5AD /* CoreGraphics.framework */; };
		95E75A43187C162800FFE5AD /* UIKit.framework in Frameworks */ = {isa = PBXBuildFile; fileRef = 95E75A42187C162800FFE5AD /* UIKit.framework */; };
		95E75A45187C162800FFE5AD /* CoreData.framework in Frameworks */ = {isa = PBXBuildFile; fileRef = 95E75A44187C162800FFE5AD /* CoreData.framework */; };
		95E75A4B187C162800FFE5AD /* InfoPlist.strings in Resources */ = {isa = PBXBuildFile; fileRef = 95E75A49187C162800FFE5AD /* InfoPlist.strings */; };
		95E75A4D187C162800FFE5AD /* main.m in Sources */ = {isa = PBXBuildFile; fileRef = 95E75A4C187C162800FFE5AD /* main.m */; };
		95E75A51187C162800FFE5AD /* AppDelegate.m in Sources */ = {isa = PBXBuildFile; fileRef = 95E75A50187C162800FFE5AD /* AppDelegate.m */; };
		95E75A54187C162800FFE5AD /* L2P_Quiz.xcdatamodeld in Sources */ = {isa = PBXBuildFile; fileRef = 95E75A52187C162800FFE5AD /* L2P_Quiz.xcdatamodeld */; };
		95E75A56187C162800FFE5AD /* Images.xcassets in Resources */ = {isa = PBXBuildFile; fileRef = 95E75A55187C162800FFE5AD /* Images.xcassets */; };
		95E75A5D187C162800FFE5AD /* XCTest.framework in Frameworks */ = {isa = PBXBuildFile; fileRef = 95E75A5C187C162800FFE5AD /* XCTest.framework */; };
		95E75A5E187C162800FFE5AD /* Foundation.framework in Frameworks */ = {isa = PBXBuildFile; fileRef = 95E75A3E187C162800FFE5AD /* Foundation.framework */; };
		95E75A5F187C162800FFE5AD /* UIKit.framework in Frameworks */ = {isa = PBXBuildFile; fileRef = 95E75A42187C162800FFE5AD /* UIKit.framework */; };
		95E75A60187C162800FFE5AD /* CoreData.framework in Frameworks */ = {isa = PBXBuildFile; fileRef = 95E75A44187C162800FFE5AD /* CoreData.framework */; };
		95E75A68187C162800FFE5AD /* InfoPlist.strings in Resources */ = {isa = PBXBuildFile; fileRef = 95E75A66187C162800FFE5AD /* InfoPlist.strings */; };
		95E75A6A187C162800FFE5AD /* L2P_QuizTests.m in Sources */ = {isa = PBXBuildFile; fileRef = 95E75A69187C162800FFE5AD /* L2P_QuizTests.m */; };
		95E75A75187C1A0C00FFE5AD /* LoginViewController.m in Sources */ = {isa = PBXBuildFile; fileRef = 95E75A74187C1A0C00FFE5AD /* LoginViewController.m */; };
		95E75A77187C1A4500FFE5AD /* Main.storyboard in Resources */ = {isa = PBXBuildFile; fileRef = 95E75A76187C1A4500FFE5AD /* Main.storyboard */; };
		95E75AFE187C24A900FFE5AD /* BackgroundFetchManager.m in Sources */ = {isa = PBXBuildFile; fileRef = 95E75AFD187C24A900FFE5AD /* BackgroundFetchManager.m */; };
		95EECE8E188AD5A80069CE74 /* ResultViewController.m in Sources */ = {isa = PBXBuildFile; fileRef = 95EECE8D188AD5A80069CE74 /* ResultViewController.m */; };
		95EECE91188AD8270069CE74 /* SolutionManager.m in Sources */ = {isa = PBXBuildFile; fileRef = 95EECE90188AD8270069CE74 /* SolutionManager.m */; };
		95EF1EB6187F5056008BF8AC /* MainMenuViewController.m in Sources */ = {isa = PBXBuildFile; fileRef = 95EF1EB5187F5056008BF8AC /* MainMenuViewController.m */; };
		95EF1EBB188049A0008BF8AC /* SubmitQuestionViewController.m in Sources */ = {isa = PBXBuildFile; fileRef = 95EF1EBA188049A0008BF8AC /* SubmitQuestionViewController.m */; };
		95F654141886952C00014005 /* RatingViewController.m in Sources */ = {isa = PBXBuildFile; fileRef = 95F654131886952C00014005 /* RatingViewController.m */; };
/* End PBXBuildFile section */

/* Begin PBXContainerItemProxy section */
		95E75A61187C162800FFE5AD /* PBXContainerItemProxy */ = {
			isa = PBXContainerItemProxy;
			containerPortal = 95E75A33187C162800FFE5AD /* Project object */;
			proxyType = 1;
			remoteGlobalIDString = 95E75A3A187C162800FFE5AD;
			remoteInfo = "L2P-Quiz";
		};
/* End PBXContainerItemProxy section */

/* Begin PBXFileReference section */
		03156E9318902F26006D04FC /* statistic@2x.png */ = {isa = PBXFileReference; lastKnownFileType = image.png; path = "statistic@2x.png"; sourceTree = "<group>"; };
		03156E97189032AC006D04FC /* highscore@2x.png */ = {isa = PBXFileReference; lastKnownFileType = image.png; path = "highscore@2x.png"; sourceTree = "<group>"; };
		03156E9D18904D76006D04FC /* infinity@2x.png */ = {isa = PBXFileReference; lastKnownFileType = image.png; path = "infinity@2x.png"; sourceTree = "<group>"; };
		03156EA1189054AF006D04FC /* 1Minute@2x.png */ = {isa = PBXFileReference; lastKnownFileType = image.png; path = "1Minute@2x.png"; sourceTree = "<group>"; };
		0357E1441896D8D800C44767 /* bestOf10@2x.png */ = {isa = PBXFileReference; lastKnownFileType = image.png; path = "bestOf10@2x.png"; sourceTree = "<group>"; };
		0357E1461896DDEF00C44767 /* Multiplayer@2x.png */ = {isa = PBXFileReference; lastKnownFileType = image.png; path = "Multiplayer@2x.png"; sourceTree = "<group>"; };
		03ECD3C918896EF700802A1B /* logo_l2p@2x.png */ = {isa = PBXFileReference; lastKnownFileType = image.png; path = "logo_l2p@2x.png"; sourceTree = "<group>"; };
		03ECD3D7188ABFBE00802A1B /* startQuiz@2x.png */ = {isa = PBXFileReference; lastKnownFileType = image.png; path = "startQuiz@2x.png"; sourceTree = "<group>"; };
		03ECD3D9188BF53F00802A1B /* submitQuestion@2x.png */ = {isa = PBXFileReference; lastKnownFileType = image.png; path = "submitQuestion@2x.png"; sourceTree = "<group>"; };
		03ECD3E9188BF85300802A1B /* profile@2x.png */ = {isa = PBXFileReference; lastKnownFileType = image.png; path = "profile@2x.png"; sourceTree = "<group>"; };
		206DC713189595930097DF7D /* L2PLoginDelegate.h */ = {isa = PBXFileReference; fileEncoding = 4; lastKnownFileType = sourcecode.c.h; path = L2PLoginDelegate.h; sourceTree = "<group>"; };
		2078D1DF188F298A005C60E6 /* Constants.h */ = {isa = PBXFileReference; fileEncoding = 4; lastKnownFileType = sourcecode.c.h; path = Constants.h; sourceTree = "<group>"; };
		2078D1E0188F2A0F005C60E6 /* WebServicesConstants.h */ = {isa = PBXFileReference; fileEncoding = 4; lastKnownFileType = sourcecode.c.h; path = WebServicesConstants.h; sourceTree = "<group>"; };
		2078D1E1188F417B005C60E6 /* APIController.h */ = {isa = PBXFileReference; fileEncoding = 4; lastKnownFileType = sourcecode.c.h; path = APIController.h; sourceTree = "<group>"; };
		2078D1E2188F417B005C60E6 /* APIController.m */ = {isa = PBXFileReference; fileEncoding = 4; lastKnownFileType = sourcecode.c.objc; path = APIController.m; sourceTree = "<group>"; };
		2078D1E6188F41E7005C60E6 /* WebViewController.h */ = {isa = PBXFileReference; fileEncoding = 4; lastKnownFileType = sourcecode.c.h; path = WebViewController.h; sourceTree = "<group>"; };
		2078D1E7188F41E7005C60E6 /* WebViewController.m */ = {isa = PBXFileReference; fileEncoding = 4; lastKnownFileType = sourcecode.c.objc; path = WebViewController.m; sourceTree = "<group>"; };
		2078D1E8188F41E7005C60E6 /* WebViewController.xib */ = {isa = PBXFileReference; fileEncoding = 4; lastKnownFileType = file.xib; path = WebViewController.xib; sourceTree = "<group>"; };
		20CA4BC1189AF49800CFD3E2 /* ThoMoNetworking.framework */ = {isa = PBXFileReference; lastKnownFileType = wrapper.framework; path = ThoMoNetworking.framework; sourceTree = "<group>"; };
		20CA4BC3189AF8A300CFD3E2 /* Course.h */ = {isa = PBXFileReference; fileEncoding = 4; lastKnownFileType = sourcecode.c.h; path = Course.h; sourceTree = "<group>"; };
		20CA4BC4189AF8A300CFD3E2 /* Course.m */ = {isa = PBXFileReference; fileEncoding = 4; lastKnownFileType = sourcecode.c.objc; path = Course.m; sourceTree = "<group>"; };
		401EDA621887ECC10091AD0A /* CorePlot-CocoaTouch.h */ = {isa = PBXFileReference; fileEncoding = 4; lastKnownFileType = sourcecode.c.h; path = "CorePlot-CocoaTouch.h"; sourceTree = "<group>"; };
		401EDA631887ECC10091AD0A /* CPTAnimation.h */ = {isa = PBXFileReference; fileEncoding = 4; lastKnownFileType = sourcecode.c.h; path = CPTAnimation.h; sourceTree = "<group>"; };
		401EDA641887ECC10091AD0A /* CPTAnimationOperation.h */ = {isa = PBXFileReference; fileEncoding = 4; lastKnownFileType = sourcecode.c.h; path = CPTAnimationOperation.h; sourceTree = "<group>"; };
		401EDA651887ECC10091AD0A /* CPTAnimationPeriod.h */ = {isa = PBXFileReference; fileEncoding = 4; lastKnownFileType = sourcecode.c.h; path = CPTAnimationPeriod.h; sourceTree = "<group>"; };
		401EDA661887ECC10091AD0A /* CPTAnnotation.h */ = {isa = PBXFileReference; fileEncoding = 4; lastKnownFileType = sourcecode.c.h; path = CPTAnnotation.h; sourceTree = "<group>"; };
		401EDA671887ECC10091AD0A /* CPTAnnotationHostLayer.h */ = {isa = PBXFileReference; fileEncoding = 4; lastKnownFileType = sourcecode.c.h; path = CPTAnnotationHostLayer.h; sourceTree = "<group>"; };
		401EDA681887ECC10091AD0A /* CPTAxis.h */ = {isa = PBXFileReference; fileEncoding = 4; lastKnownFileType = sourcecode.c.h; path = CPTAxis.h; sourceTree = "<group>"; };
		401EDA691887ECC10091AD0A /* CPTAxisLabel.h */ = {isa = PBXFileReference; fileEncoding = 4; lastKnownFileType = sourcecode.c.h; path = CPTAxisLabel.h; sourceTree = "<group>"; };
		401EDA6A1887ECC10091AD0A /* CPTAxisLabelGroup.h */ = {isa = PBXFileReference; fileEncoding = 4; lastKnownFileType = sourcecode.c.h; path = CPTAxisLabelGroup.h; sourceTree = "<group>"; };
		401EDA6B1887ECC10091AD0A /* CPTAxisSet.h */ = {isa = PBXFileReference; fileEncoding = 4; lastKnownFileType = sourcecode.c.h; path = CPTAxisSet.h; sourceTree = "<group>"; };
		401EDA6C1887ECC10091AD0A /* CPTAxisTitle.h */ = {isa = PBXFileReference; fileEncoding = 4; lastKnownFileType = sourcecode.c.h; path = CPTAxisTitle.h; sourceTree = "<group>"; };
		401EDA6D1887ECC10091AD0A /* CPTBarPlot.h */ = {isa = PBXFileReference; fileEncoding = 4; lastKnownFileType = sourcecode.c.h; path = CPTBarPlot.h; sourceTree = "<group>"; };
		401EDA6E1887ECC10091AD0A /* CPTBorderedLayer.h */ = {isa = PBXFileReference; fileEncoding = 4; lastKnownFileType = sourcecode.c.h; path = CPTBorderedLayer.h; sourceTree = "<group>"; };
		401EDA6F1887ECC10091AD0A /* CPTCalendarFormatter.h */ = {isa = PBXFileReference; fileEncoding = 4; lastKnownFileType = sourcecode.c.h; path = CPTCalendarFormatter.h; sourceTree = "<group>"; };
		401EDA701887ECC10091AD0A /* CPTColor.h */ = {isa = PBXFileReference; fileEncoding = 4; lastKnownFileType = sourcecode.c.h; path = CPTColor.h; sourceTree = "<group>"; };
		401EDA711887ECC10091AD0A /* CPTColorSpace.h */ = {isa = PBXFileReference; fileEncoding = 4; lastKnownFileType = sourcecode.c.h; path = CPTColorSpace.h; sourceTree = "<group>"; };
		401EDA721887ECC10091AD0A /* CPTConstraints.h */ = {isa = PBXFileReference; fileEncoding = 4; lastKnownFileType = sourcecode.c.h; path = CPTConstraints.h; sourceTree = "<group>"; };
		401EDA731887ECC10091AD0A /* CPTDataSourceTestCase.h */ = {isa = PBXFileReference; fileEncoding = 4; lastKnownFileType = sourcecode.c.h; path = CPTDataSourceTestCase.h; sourceTree = "<group>"; };
		401EDA741887ECC10091AD0A /* CPTDefinitions.h */ = {isa = PBXFileReference; fileEncoding = 4; lastKnownFileType = sourcecode.c.h; path = CPTDefinitions.h; sourceTree = "<group>"; };
		401EDA751887ECC10091AD0A /* CPTDerivedXYGraph.h */ = {isa = PBXFileReference; fileEncoding = 4; lastKnownFileType = sourcecode.c.h; path = CPTDerivedXYGraph.h; sourceTree = "<group>"; };
		401EDA761887ECC10091AD0A /* CPTExceptions.h */ = {isa = PBXFileReference; fileEncoding = 4; lastKnownFileType = sourcecode.c.h; path = CPTExceptions.h; sourceTree = "<group>"; };
		401EDA771887ECC10091AD0A /* CPTFill.h */ = {isa = PBXFileReference; fileEncoding = 4; lastKnownFileType = sourcecode.c.h; path = CPTFill.h; sourceTree = "<group>"; };
		401EDA781887ECC10091AD0A /* CPTFunctionDataSource.h */ = {isa = PBXFileReference; fileEncoding = 4; lastKnownFileType = sourcecode.c.h; path = CPTFunctionDataSource.h; sourceTree = "<group>"; };
		401EDA791887ECC10091AD0A /* CPTGradient.h */ = {isa = PBXFileReference; fileEncoding = 4; lastKnownFileType = sourcecode.c.h; path = CPTGradient.h; sourceTree = "<group>"; };
		401EDA7A1887ECC10091AD0A /* CPTGraph.h */ = {isa = PBXFileReference; fileEncoding = 4; lastKnownFileType = sourcecode.c.h; path = CPTGraph.h; sourceTree = "<group>"; };
		401EDA7B1887ECC10091AD0A /* CPTGraphHostingView.h */ = {isa = PBXFileReference; fileEncoding = 4; lastKnownFileType = sourcecode.c.h; path = CPTGraphHostingView.h; sourceTree = "<group>"; };
		401EDA7C1887ECC10091AD0A /* CPTGridLineGroup.h */ = {isa = PBXFileReference; fileEncoding = 4; lastKnownFileType = sourcecode.c.h; path = CPTGridLineGroup.h; sourceTree = "<group>"; };
		401EDA7D1887ECC10091AD0A /* CPTGridLines.h */ = {isa = PBXFileReference; fileEncoding = 4; lastKnownFileType = sourcecode.c.h; path = CPTGridLines.h; sourceTree = "<group>"; };
		401EDA7E1887ECC10091AD0A /* CPTImage.h */ = {isa = PBXFileReference; fileEncoding = 4; lastKnownFileType = sourcecode.c.h; path = CPTImage.h; sourceTree = "<group>"; };
		401EDA7F1887ECC10091AD0A /* CPTLayer.h */ = {isa = PBXFileReference; fileEncoding = 4; lastKnownFileType = sourcecode.c.h; path = CPTLayer.h; sourceTree = "<group>"; };
		401EDA801887ECC10091AD0A /* CPTLayerAnnotation.h */ = {isa = PBXFileReference; fileEncoding = 4; lastKnownFileType = sourcecode.c.h; path = CPTLayerAnnotation.h; sourceTree = "<group>"; };
		401EDA811887ECC10091AD0A /* CPTLegend.h */ = {isa = PBXFileReference; fileEncoding = 4; lastKnownFileType = sourcecode.c.h; path = CPTLegend.h; sourceTree = "<group>"; };
		401EDA821887ECC10091AD0A /* CPTLegendEntry.h */ = {isa = PBXFileReference; fileEncoding = 4; lastKnownFileType = sourcecode.c.h; path = CPTLegendEntry.h; sourceTree = "<group>"; };
		401EDA831887ECC10091AD0A /* CPTLimitBand.h */ = {isa = PBXFileReference; fileEncoding = 4; lastKnownFileType = sourcecode.c.h; path = CPTLimitBand.h; sourceTree = "<group>"; };
		401EDA841887ECC10091AD0A /* CPTLineCap.h */ = {isa = PBXFileReference; fileEncoding = 4; lastKnownFileType = sourcecode.c.h; path = CPTLineCap.h; sourceTree = "<group>"; };
		401EDA851887ECC10091AD0A /* CPTLineStyle.h */ = {isa = PBXFileReference; fileEncoding = 4; lastKnownFileType = sourcecode.c.h; path = CPTLineStyle.h; sourceTree = "<group>"; };
		401EDA861887ECC10091AD0A /* CPTMutableLineStyle.h */ = {isa = PBXFileReference; fileEncoding = 4; lastKnownFileType = sourcecode.c.h; path = CPTMutableLineStyle.h; sourceTree = "<group>"; };
		401EDA871887ECC10091AD0A /* CPTMutableNumericData+TypeConversion.h */ = {isa = PBXFileReference; fileEncoding = 4; lastKnownFileType = sourcecode.c.h; path = "CPTMutableNumericData+TypeConversion.h"; sourceTree = "<group>"; };
		401EDA881887ECC10091AD0A /* CPTMutableNumericData.h */ = {isa = PBXFileReference; fileEncoding = 4; lastKnownFileType = sourcecode.c.h; path = CPTMutableNumericData.h; sourceTree = "<group>"; };
		401EDA891887ECC10091AD0A /* CPTMutablePlotRange.h */ = {isa = PBXFileReference; fileEncoding = 4; lastKnownFileType = sourcecode.c.h; path = CPTMutablePlotRange.h; sourceTree = "<group>"; };
		401EDA8A1887ECC10091AD0A /* CPTMutableShadow.h */ = {isa = PBXFileReference; fileEncoding = 4; lastKnownFileType = sourcecode.c.h; path = CPTMutableShadow.h; sourceTree = "<group>"; };
		401EDA8B1887ECC10091AD0A /* CPTMutableTextStyle.h */ = {isa = PBXFileReference; fileEncoding = 4; lastKnownFileType = sourcecode.c.h; path = CPTMutableTextStyle.h; sourceTree = "<group>"; };
		401EDA8C1887ECC10091AD0A /* CPTNumericData+TypeConversion.h */ = {isa = PBXFileReference; fileEncoding = 4; lastKnownFileType = sourcecode.c.h; path = "CPTNumericData+TypeConversion.h"; sourceTree = "<group>"; };
		401EDA8D1887ECC10091AD0A /* CPTNumericData.h */ = {isa = PBXFileReference; fileEncoding = 4; lastKnownFileType = sourcecode.c.h; path = CPTNumericData.h; sourceTree = "<group>"; };
		401EDA8E1887ECC10091AD0A /* CPTNumericDataType.h */ = {isa = PBXFileReference; fileEncoding = 4; lastKnownFileType = sourcecode.c.h; path = CPTNumericDataType.h; sourceTree = "<group>"; };
		401EDA8F1887ECC10091AD0A /* CPTPathExtensions.h */ = {isa = PBXFileReference; fileEncoding = 4; lastKnownFileType = sourcecode.c.h; path = CPTPathExtensions.h; sourceTree = "<group>"; };
		401EDA901887ECC10091AD0A /* CPTPieChart.h */ = {isa = PBXFileReference; fileEncoding = 4; lastKnownFileType = sourcecode.c.h; path = CPTPieChart.h; sourceTree = "<group>"; };
		401EDA911887ECC10091AD0A /* CPTPlatformSpecificCategories.h */ = {isa = PBXFileReference; fileEncoding = 4; lastKnownFileType = sourcecode.c.h; path = CPTPlatformSpecificCategories.h; sourceTree = "<group>"; };
		401EDA921887ECC10091AD0A /* CPTPlatformSpecificDefines.h */ = {isa = PBXFileReference; fileEncoding = 4; lastKnownFileType = sourcecode.c.h; path = CPTPlatformSpecificDefines.h; sourceTree = "<group>"; };
		401EDA931887ECC10091AD0A /* CPTPlatformSpecificFunctions.h */ = {isa = PBXFileReference; fileEncoding = 4; lastKnownFileType = sourcecode.c.h; path = CPTPlatformSpecificFunctions.h; sourceTree = "<group>"; };
		401EDA941887ECC10091AD0A /* CPTPlot.h */ = {isa = PBXFileReference; fileEncoding = 4; lastKnownFileType = sourcecode.c.h; path = CPTPlot.h; sourceTree = "<group>"; };
		401EDA951887ECC10091AD0A /* CPTPlotArea.h */ = {isa = PBXFileReference; fileEncoding = 4; lastKnownFileType = sourcecode.c.h; path = CPTPlotArea.h; sourceTree = "<group>"; };
		401EDA961887ECC10091AD0A /* CPTPlotAreaFrame.h */ = {isa = PBXFileReference; fileEncoding = 4; lastKnownFileType = sourcecode.c.h; path = CPTPlotAreaFrame.h; sourceTree = "<group>"; };
		401EDA971887ECC10091AD0A /* CPTPlotGroup.h */ = {isa = PBXFileReference; fileEncoding = 4; lastKnownFileType = sourcecode.c.h; path = CPTPlotGroup.h; sourceTree = "<group>"; };
		401EDA981887ECC10091AD0A /* CPTPlotRange.h */ = {isa = PBXFileReference; fileEncoding = 4; lastKnownFileType = sourcecode.c.h; path = CPTPlotRange.h; sourceTree = "<group>"; };
		401EDA991887ECC10091AD0A /* CPTPlotSpace.h */ = {isa = PBXFileReference; fileEncoding = 4; lastKnownFileType = sourcecode.c.h; path = CPTPlotSpace.h; sourceTree = "<group>"; };
		401EDA9A1887ECC10091AD0A /* CPTPlotSpaceAnnotation.h */ = {isa = PBXFileReference; fileEncoding = 4; lastKnownFileType = sourcecode.c.h; path = CPTPlotSpaceAnnotation.h; sourceTree = "<group>"; };
		401EDA9B1887ECC10091AD0A /* CPTPlotSymbol.h */ = {isa = PBXFileReference; fileEncoding = 4; lastKnownFileType = sourcecode.c.h; path = CPTPlotSymbol.h; sourceTree = "<group>"; };
		401EDA9C1887ECC10091AD0A /* CPTRangePlot.h */ = {isa = PBXFileReference; fileEncoding = 4; lastKnownFileType = sourcecode.c.h; path = CPTRangePlot.h; sourceTree = "<group>"; };
		401EDA9D1887ECC10091AD0A /* CPTResponder.h */ = {isa = PBXFileReference; fileEncoding = 4; lastKnownFileType = sourcecode.c.h; path = CPTResponder.h; sourceTree = "<group>"; };
		401EDA9E1887ECC10091AD0A /* CPTScatterPlot.h */ = {isa = PBXFileReference; fileEncoding = 4; lastKnownFileType = sourcecode.c.h; path = CPTScatterPlot.h; sourceTree = "<group>"; };
		401EDA9F1887ECC10091AD0A /* CPTShadow.h */ = {isa = PBXFileReference; fileEncoding = 4; lastKnownFileType = sourcecode.c.h; path = CPTShadow.h; sourceTree = "<group>"; };
		401EDAA01887ECC10091AD0A /* CPTTestCase.h */ = {isa = PBXFileReference; fileEncoding = 4; lastKnownFileType = sourcecode.c.h; path = CPTTestCase.h; sourceTree = "<group>"; };
		401EDAA11887ECC10091AD0A /* CPTTextLayer.h */ = {isa = PBXFileReference; fileEncoding = 4; lastKnownFileType = sourcecode.c.h; path = CPTTextLayer.h; sourceTree = "<group>"; };
		401EDAA21887ECC10091AD0A /* CPTTextStyle.h */ = {isa = PBXFileReference; fileEncoding = 4; lastKnownFileType = sourcecode.c.h; path = CPTTextStyle.h; sourceTree = "<group>"; };
		401EDAA31887ECC10091AD0A /* CPTTextStylePlatformSpecific.h */ = {isa = PBXFileReference; fileEncoding = 4; lastKnownFileType = sourcecode.c.h; path = CPTTextStylePlatformSpecific.h; sourceTree = "<group>"; };
		401EDAA41887ECC10091AD0A /* CPTTheme.h */ = {isa = PBXFileReference; fileEncoding = 4; lastKnownFileType = sourcecode.c.h; path = CPTTheme.h; sourceTree = "<group>"; };
		401EDAA51887ECC10091AD0A /* CPTTimeFormatter.h */ = {isa = PBXFileReference; fileEncoding = 4; lastKnownFileType = sourcecode.c.h; path = CPTTimeFormatter.h; sourceTree = "<group>"; };
		401EDAA61887ECC10091AD0A /* CPTTradingRangePlot.h */ = {isa = PBXFileReference; fileEncoding = 4; lastKnownFileType = sourcecode.c.h; path = CPTTradingRangePlot.h; sourceTree = "<group>"; };
		401EDAA71887ECC10091AD0A /* CPTUtilities.h */ = {isa = PBXFileReference; fileEncoding = 4; lastKnownFileType = sourcecode.c.h; path = CPTUtilities.h; sourceTree = "<group>"; };
		401EDAA81887ECC10091AD0A /* CPTXYAxis.h */ = {isa = PBXFileReference; fileEncoding = 4; lastKnownFileType = sourcecode.c.h; path = CPTXYAxis.h; sourceTree = "<group>"; };
		401EDAA91887ECC10091AD0A /* CPTXYAxisSet.h */ = {isa = PBXFileReference; fileEncoding = 4; lastKnownFileType = sourcecode.c.h; path = CPTXYAxisSet.h; sourceTree = "<group>"; };
		401EDAAA1887ECC10091AD0A /* CPTXYGraph.h */ = {isa = PBXFileReference; fileEncoding = 4; lastKnownFileType = sourcecode.c.h; path = CPTXYGraph.h; sourceTree = "<group>"; };
		401EDAAB1887ECC10091AD0A /* CPTXYPlotSpace.h */ = {isa = PBXFileReference; fileEncoding = 4; lastKnownFileType = sourcecode.c.h; path = CPTXYPlotSpace.h; sourceTree = "<group>"; };
		401EDAAC1887ECC10091AD0A /* mainpage.h */ = {isa = PBXFileReference; fileEncoding = 4; lastKnownFileType = sourcecode.c.h; path = mainpage.h; sourceTree = "<group>"; };
		401EDAAD1887ECC10091AD0A /* NSCoderExtensions.h */ = {isa = PBXFileReference; fileEncoding = 4; lastKnownFileType = sourcecode.c.h; path = NSCoderExtensions.h; sourceTree = "<group>"; };
		401EDAAE1887ECC10091AD0A /* NSDecimalNumberExtensions.h */ = {isa = PBXFileReference; fileEncoding = 4; lastKnownFileType = sourcecode.c.h; path = NSDecimalNumberExtensions.h; sourceTree = "<group>"; };
		401EDAAF1887ECC10091AD0A /* NSNumberExtensions.h */ = {isa = PBXFileReference; fileEncoding = 4; lastKnownFileType = sourcecode.c.h; path = NSNumberExtensions.h; sourceTree = "<group>"; };
		401EDAB01887ECC10091AD0A /* libCorePlot-CocoaTouch.a */ = {isa = PBXFileReference; lastKnownFileType = archive.ar; path = "libCorePlot-CocoaTouch.a"; sourceTree = "<group>"; };
		401EDAB21887ED1C0091AD0A /* QuartzCore.framework */ = {isa = PBXFileReference; lastKnownFileType = wrapper.framework; name = QuartzCore.framework; path = System/Library/Frameworks/QuartzCore.framework; sourceTree = SDKROOT; };
		401EDAB4188813C70091AD0A /* StatisticsPageViewController.h */ = {isa = PBXFileReference; fileEncoding = 4; lastKnownFileType = sourcecode.c.h; path = StatisticsPageViewController.h; sourceTree = "<group>"; };
		401EDAB5188813C70091AD0A /* StatisticsPageViewController.m */ = {isa = PBXFileReference; fileEncoding = 4; lastKnownFileType = sourcecode.c.objc; path = StatisticsPageViewController.m; sourceTree = "<group>"; };
		401EDAB71888154F0091AD0A /* SelectCourseStatisticsViewController.h */ = {isa = PBXFileReference; fileEncoding = 4; lastKnownFileType = sourcecode.c.h; path = SelectCourseStatisticsViewController.h; sourceTree = "<group>"; };
		401EDAB81888154F0091AD0A /* SelectCourseStatisticsViewController.m */ = {isa = PBXFileReference; fileEncoding = 4; lastKnownFileType = sourcecode.c.objc; path = SelectCourseStatisticsViewController.m; sourceTree = "<group>"; };
		401EDABB188817D40091AD0A /* Courses.h */ = {isa = PBXFileReference; fileEncoding = 4; lastKnownFileType = sourcecode.c.h; path = Courses.h; sourceTree = "<group>"; };
		401EDABC188817D40091AD0A /* Courses.m */ = {isa = PBXFileReference; fileEncoding = 4; lastKnownFileType = sourcecode.c.objc; path = Courses.m; sourceTree = "<group>"; };
		409B1E8918894E11006E7240 /* StatisticsPageContentViewController.h */ = {isa = PBXFileReference; fileEncoding = 4; lastKnownFileType = sourcecode.c.h; path = StatisticsPageContentViewController.h; sourceTree = "<group>"; };
		409B1E8A18894E11006E7240 /* StatisticsPageContentViewController.m */ = {isa = PBXFileReference; fileEncoding = 4; lastKnownFileType = sourcecode.c.objc; path = StatisticsPageContentViewController.m; sourceTree = "<group>"; };
		409B1E8C18895579006E7240 /* StatisticsViewController.h */ = {isa = PBXFileReference; fileEncoding = 4; lastKnownFileType = sourcecode.c.h; path = StatisticsViewController.h; sourceTree = "<group>"; };
		409B1E8D18895579006E7240 /* StatisticsViewController.m */ = {isa = PBXFileReference; fileEncoding = 4; lastKnownFileType = sourcecode.c.objc; path = StatisticsViewController.m; sourceTree = "<group>"; };
		409B1E8F18896C2F006E7240 /* CPDConstants.h */ = {isa = PBXFileReference; fileEncoding = 4; lastKnownFileType = sourcecode.c.h; path = CPDConstants.h; sourceTree = "<group>"; };
		409B1E9018896C2F006E7240 /* CPDConstants.m */ = {isa = PBXFileReference; fileEncoding = 4; lastKnownFileType = sourcecode.c.objc; path = CPDConstants.m; sourceTree = "<group>"; };
		409B1E9118896C2F006E7240 /* CPDStockPriceStore.h */ = {isa = PBXFileReference; fileEncoding = 4; lastKnownFileType = sourcecode.c.h; path = CPDStockPriceStore.h; sourceTree = "<group>"; };
		409B1E9218896C2F006E7240 /* CPDStockPriceStore.m */ = {isa = PBXFileReference; fileEncoding = 4; lastKnownFileType = sourcecode.c.objc; path = CPDStockPriceStore.m; sourceTree = "<group>"; };
		750496341890541D00FD8C76 /* JoinViewController.h */ = {isa = PBXFileReference; fileEncoding = 4; lastKnownFileType = sourcecode.c.h; path = JoinViewController.h; sourceTree = "<group>"; };
		750496351890541D00FD8C76 /* JoinViewController.m */ = {isa = PBXFileReference; fileEncoding = 4; lastKnownFileType = sourcecode.c.objc; path = JoinViewController.m; sourceTree = "<group>"; };
		750496371890542C00FD8C76 /* HostViewController.h */ = {isa = PBXFileReference; fileEncoding = 4; lastKnownFileType = sourcecode.c.h; path = HostViewController.h; sourceTree = "<group>"; };
		750496381890542C00FD8C76 /* HostViewController.m */ = {isa = PBXFileReference; fileEncoding = 4; lastKnownFileType = sourcecode.c.objc; path = HostViewController.m; sourceTree = "<group>"; };
		7520191618993C4D007FA2F1 /* MultiGameViewController.h */ = {isa = PBXFileReference; fileEncoding = 4; lastKnownFileType = sourcecode.c.h; path = MultiGameViewController.h; sourceTree = "<group>"; };
		7520191718993C4D007FA2F1 /* MultiGameViewController.m */ = {isa = PBXFileReference; fileEncoding = 4; lastKnownFileType = sourcecode.c.objc; path = MultiGameViewController.m; sourceTree = "<group>"; };
		757862BA188ED40D00F21292 /* GameKit.framework */ = {isa = PBXFileReference; lastKnownFileType = wrapper.framework; name = GameKit.framework; path = System/Library/Frameworks/GameKit.framework; sourceTree = SDKROOT; };
		759D2FE0189977B9008A70FA /* ScoreViewController.h */ = {isa = PBXFileReference; fileEncoding = 4; lastKnownFileType = sourcecode.c.h; path = ScoreViewController.h; sourceTree = "<group>"; };
		759D2FE1189977B9008A70FA /* ScoreViewController.m */ = {isa = PBXFileReference; fileEncoding = 4; lastKnownFileType = sourcecode.c.objc; path = ScoreViewController.m; sourceTree = "<group>"; };
		75BC57A41891C211003081CE /* NetworkManager.h */ = {isa = PBXFileReference; fileEncoding = 4; lastKnownFileType = sourcecode.c.h; path = NetworkManager.h; sourceTree = "<group>"; };
		75BC57A51891C211003081CE /* NetworkManager.m */ = {isa = PBXFileReference; fileEncoding = 4; lastKnownFileType = sourcecode.c.objc; path = NetworkManager.m; sourceTree = "<group>"; };
		75F7ECD8189D67810001F78B /* examiner_startscreen_logo.png */ = {isa = PBXFileReference; lastKnownFileType = image.png; path = examiner_startscreen_logo.png; sourceTree = "<group>"; };
		75F7ECDA189D68690001F78B /* original_l2p_logo.png */ = {isa = PBXFileReference; lastKnownFileType = image.png; path = original_l2p_logo.png; sourceTree = "<group>"; };
		75F7ECDE189D6C050001F78B /* Multiplayer_without_label.png */ = {isa = PBXFileReference; lastKnownFileType = image.png; path = Multiplayer_without_label.png; sourceTree = "<group>"; };
		75F7ECE0189D6C6C0001F78B /* singleplayer.png */ = {isa = PBXFileReference; lastKnownFileType = image.png; path = singleplayer.png; sourceTree = "<group>"; };
		9505F3361891599400A1858F /* MultiplayerManager.h */ = {isa = PBXFileReference; fileEncoding = 4; lastKnownFileType = sourcecode.c.h; path = MultiplayerManager.h; sourceTree = "<group>"; };
		9505F3371891599400A1858F /* MultiplayerManager.m */ = {isa = PBXFileReference; fileEncoding = 4; lastKnownFileType = sourcecode.c.objc; path = MultiplayerManager.m; sourceTree = "<group>"; };
		951861E2189E66F50080ABD1 /* StatsManager.h */ = {isa = PBXFileReference; fileEncoding = 4; lastKnownFileType = sourcecode.c.h; path = StatsManager.h; sourceTree = "<group>"; };
		951861E3189E66F50080ABD1 /* StatsManager.m */ = {isa = PBXFileReference; fileEncoding = 4; lastKnownFileType = sourcecode.c.objc; path = StatsManager.m; sourceTree = "<group>"; };
		953017B5187E973F00917C7C /* ParseManager.h */ = {isa = PBXFileReference; fileEncoding = 4; lastKnownFileType = sourcecode.c.h; path = ParseManager.h; sourceTree = "<group>"; };
		953017B6187E973F00917C7C /* ParseManager.m */ = {isa = PBXFileReference; fileEncoding = 4; lastKnownFileType = sourcecode.c.objc; path = ParseManager.m; sourceTree = "<group>"; };
		9535D359189C13F400E612C3 /* score_profile@2x.png */ = {isa = PBXFileReference; lastKnownFileType = image.png; path = "score_profile@2x.png"; sourceTree = "<group>"; };
		9535D35B189C150700E612C3 /* ProfileViewController.h */ = {isa = PBXFileReference; fileEncoding = 4; lastKnownFileType = sourcecode.c.h; path = ProfileViewController.h; sourceTree = "<group>"; };
		9535D35C189C150700E612C3 /* ProfileViewController.m */ = {isa = PBXFileReference; fileEncoding = 4; lastKnownFileType = sourcecode.c.objc; path = ProfileViewController.m; sourceTree = "<group>"; };
		9579AFB0187EF04100747EF6 /* Question.h */ = {isa = PBXFileReference; fileEncoding = 4; lastKnownFileType = sourcecode.c.h; path = Question.h; sourceTree = "<group>"; };
		9579AFB1187EF04100747EF6 /* Question.m */ = {isa = PBXFileReference; fileEncoding = 4; lastKnownFileType = sourcecode.c.objc; path = Question.m; sourceTree = "<group>"; };
		9582A721188C0EB2001E5082 /* ResultCell.h */ = {isa = PBXFileReference; fileEncoding = 4; lastKnownFileType = sourcecode.c.h; path = ResultCell.h; sourceTree = "<group>"; };
		9582A722188C0EB2001E5082 /* ResultCell.m */ = {isa = PBXFileReference; fileEncoding = 4; lastKnownFileType = sourcecode.c.objc; path = ResultCell.m; sourceTree = "<group>"; };
		958F8DF11885472A00F87F00 /* SingleGameManager.h */ = {isa = PBXFileReference; fileEncoding = 4; lastKnownFileType = sourcecode.c.h; path = SingleGameManager.h; sourceTree = "<group>"; };
		958F8DF21885472A00F87F00 /* SingleGameManager.m */ = {isa = PBXFileReference; fileEncoding = 4; lastKnownFileType = sourcecode.c.objc; path = SingleGameManager.m; sourceTree = "<group>"; };
		958F8DF41885483400F87F00 /* StartQuizViewController.h */ = {isa = PBXFileReference; fileEncoding = 4; lastKnownFileType = sourcecode.c.h; path = StartQuizViewController.h; sourceTree = "<group>"; };
		958F8DF51885483500F87F00 /* StartQuizViewController.m */ = {isa = PBXFileReference; fileEncoding = 4; lastKnownFileType = sourcecode.c.objc; path = StartQuizViewController.m; sourceTree = "<group>"; };
		958F8DF718854B2B00F87F00 /* SelectCourseViewController.h */ = {isa = PBXFileReference; fileEncoding = 4; lastKnownFileType = sourcecode.c.h; path = SelectCourseViewController.h; sourceTree = "<group>"; };
		958F8DF818854B2B00F87F00 /* SelectCourseViewController.m */ = {isa = PBXFileReference; fileEncoding = 4; lastKnownFileType = sourcecode.c.objc; path = SelectCourseViewController.m; sourceTree = "<group>"; };
		958F8DFA1885563800F87F00 /* GameViewController.h */ = {isa = PBXFileReference; fileEncoding = 4; lastKnownFileType = sourcecode.c.h; path = GameViewController.h; sourceTree = "<group>"; };
		958F8DFB1885563800F87F00 /* GameViewController.m */ = {isa = PBXFileReference; fileEncoding = 4; lastKnownFileType = sourcecode.c.objc; path = GameViewController.m; sourceTree = "<group>"; };
		959A2DD818940B4F0036586A /* UserManager.h */ = {isa = PBXFileReference; fileEncoding = 4; lastKnownFileType = sourcecode.c.h; path = UserManager.h; sourceTree = "<group>"; };
		959A2DD918940B4F0036586A /* UserManager.m */ = {isa = PBXFileReference; fileEncoding = 4; lastKnownFileType = sourcecode.c.objc; path = UserManager.m; sourceTree = "<group>"; };
		95DE358418858F5D00BF8CB3 /* sol_background.png */ = {isa = PBXFileReference; lastKnownFileType = image.png; path = sol_background.png; sourceTree = "<group>"; };
		95DE35861885901A00BF8CB3 /* question_background.png */ = {isa = PBXFileReference; lastKnownFileType = image.png; path = question_background.png; sourceTree = "<group>"; };
		95DE3588188594F300BF8CB3 /* sol_background_correct.png */ = {isa = PBXFileReference; lastKnownFileType = image.png; path = sol_background_correct.png; sourceTree = "<group>"; };
		95DE3589188594F300BF8CB3 /* sol_background_selected.png */ = {isa = PBXFileReference; lastKnownFileType = image.png; path = sol_background_selected.png; sourceTree = "<group>"; };
		95DE358A188594F300BF8CB3 /* sol_background_wrong.png */ = {isa = PBXFileReference; lastKnownFileType = image.png; path = sol_background_wrong.png; sourceTree = "<group>"; };
		95E75A3B187C162800FFE5AD /* L2P-Quiz.app */ = {isa = PBXFileReference; explicitFileType = wrapper.application; includeInIndex = 0; path = "L2P-Quiz.app"; sourceTree = BUILT_PRODUCTS_DIR; };
		95E75A3E187C162800FFE5AD /* Foundation.framework */ = {isa = PBXFileReference; lastKnownFileType = wrapper.framework; name = Foundation.framework; path = System/Library/Frameworks/Foundation.framework; sourceTree = SDKROOT; };
		95E75A40187C162800FFE5AD /* CoreGraphics.framework */ = {isa = PBXFileReference; lastKnownFileType = wrapper.framework; name = CoreGraphics.framework; path = System/Library/Frameworks/CoreGraphics.framework; sourceTree = SDKROOT; };
		95E75A42187C162800FFE5AD /* UIKit.framework */ = {isa = PBXFileReference; lastKnownFileType = wrapper.framework; name = UIKit.framework; path = System/Library/Frameworks/UIKit.framework; sourceTree = SDKROOT; };
		95E75A44187C162800FFE5AD /* CoreData.framework */ = {isa = PBXFileReference; lastKnownFileType = wrapper.framework; name = CoreData.framework; path = System/Library/Frameworks/CoreData.framework; sourceTree = SDKROOT; };
		95E75A48187C162800FFE5AD /* L2P-Quiz-Info.plist */ = {isa = PBXFileReference; lastKnownFileType = text.plist.xml; path = "L2P-Quiz-Info.plist"; sourceTree = "<group>"; };
		95E75A4A187C162800FFE5AD /* en */ = {isa = PBXFileReference; lastKnownFileType = text.plist.strings; name = en; path = en.lproj/InfoPlist.strings; sourceTree = "<group>"; };
		95E75A4C187C162800FFE5AD /* main.m */ = {isa = PBXFileReference; lastKnownFileType = sourcecode.c.objc; path = main.m; sourceTree = "<group>"; };
		95E75A4E187C162800FFE5AD /* L2P-Quiz-Prefix.pch */ = {isa = PBXFileReference; lastKnownFileType = sourcecode.c.h; path = "L2P-Quiz-Prefix.pch"; sourceTree = "<group>"; };
		95E75A4F187C162800FFE5AD /* AppDelegate.h */ = {isa = PBXFileReference; lastKnownFileType = sourcecode.c.h; path = AppDelegate.h; sourceTree = "<group>"; };
		95E75A50187C162800FFE5AD /* AppDelegate.m */ = {isa = PBXFileReference; lastKnownFileType = sourcecode.c.objc; path = AppDelegate.m; sourceTree = "<group>"; };
		95E75A53187C162800FFE5AD /* L2P_Quiz.xcdatamodel */ = {isa = PBXFileReference; lastKnownFileType = wrapper.xcdatamodel; path = L2P_Quiz.xcdatamodel; sourceTree = "<group>"; };
		95E75A55187C162800FFE5AD /* Images.xcassets */ = {isa = PBXFileReference; lastKnownFileType = folder.assetcatalog; path = Images.xcassets; sourceTree = "<group>"; };
		95E75A5B187C162800FFE5AD /* L2P-QuizTests.xctest */ = {isa = PBXFileReference; explicitFileType = wrapper.cfbundle; includeInIndex = 0; path = "L2P-QuizTests.xctest"; sourceTree = BUILT_PRODUCTS_DIR; };
		95E75A5C187C162800FFE5AD /* XCTest.framework */ = {isa = PBXFileReference; lastKnownFileType = wrapper.framework; name = XCTest.framework; path = Library/Frameworks/XCTest.framework; sourceTree = DEVELOPER_DIR; };
		95E75A65187C162800FFE5AD /* L2P-QuizTests-Info.plist */ = {isa = PBXFileReference; lastKnownFileType = text.plist.xml; path = "L2P-QuizTests-Info.plist"; sourceTree = "<group>"; };
		95E75A67187C162800FFE5AD /* en */ = {isa = PBXFileReference; lastKnownFileType = text.plist.strings; name = en; path = en.lproj/InfoPlist.strings; sourceTree = "<group>"; };
		95E75A69187C162800FFE5AD /* L2P_QuizTests.m */ = {isa = PBXFileReference; lastKnownFileType = sourcecode.c.objc; path = L2P_QuizTests.m; sourceTree = "<group>"; };
		95E75A73187C1A0C00FFE5AD /* LoginViewController.h */ = {isa = PBXFileReference; fileEncoding = 4; lastKnownFileType = sourcecode.c.h; path = LoginViewController.h; sourceTree = "<group>"; };
		95E75A74187C1A0C00FFE5AD /* LoginViewController.m */ = {isa = PBXFileReference; fileEncoding = 4; lastKnownFileType = sourcecode.c.objc; path = LoginViewController.m; sourceTree = "<group>"; };
		95E75A76187C1A4500FFE5AD /* Main.storyboard */ = {isa = PBXFileReference; fileEncoding = 4; lastKnownFileType = file.storyboard; path = Main.storyboard; sourceTree = "<group>"; };
		95E75AFC187C24A900FFE5AD /* BackgroundFetchManager.h */ = {isa = PBXFileReference; fileEncoding = 4; lastKnownFileType = sourcecode.c.h; path = BackgroundFetchManager.h; sourceTree = "<group>"; };
		95E75AFD187C24A900FFE5AD /* BackgroundFetchManager.m */ = {isa = PBXFileReference; fileEncoding = 4; lastKnownFileType = sourcecode.c.objc; path = BackgroundFetchManager.m; sourceTree = "<group>"; };
		95EECE8C188AD5A80069CE74 /* ResultViewController.h */ = {isa = PBXFileReference; fileEncoding = 4; lastKnownFileType = sourcecode.c.h; path = ResultViewController.h; sourceTree = "<group>"; };
		95EECE8D188AD5A80069CE74 /* ResultViewController.m */ = {isa = PBXFileReference; fileEncoding = 4; lastKnownFileType = sourcecode.c.objc; path = ResultViewController.m; sourceTree = "<group>"; };
		95EECE8F188AD8270069CE74 /* SolutionManager.h */ = {isa = PBXFileReference; fileEncoding = 4; lastKnownFileType = sourcecode.c.h; path = SolutionManager.h; sourceTree = "<group>"; };
		95EECE90188AD8270069CE74 /* SolutionManager.m */ = {isa = PBXFileReference; fileEncoding = 4; lastKnownFileType = sourcecode.c.objc; path = SolutionManager.m; sourceTree = "<group>"; };
		95EF1EB4187F5056008BF8AC /* MainMenuViewController.h */ = {isa = PBXFileReference; fileEncoding = 4; lastKnownFileType = sourcecode.c.h; path = MainMenuViewController.h; sourceTree = "<group>"; };
		95EF1EB5187F5056008BF8AC /* MainMenuViewController.m */ = {isa = PBXFileReference; fileEncoding = 4; lastKnownFileType = sourcecode.c.objc; path = MainMenuViewController.m; sourceTree = "<group>"; };
		95EF1EB9188049A0008BF8AC /* SubmitQuestionViewController.h */ = {isa = PBXFileReference; fileEncoding = 4; lastKnownFileType = sourcecode.c.h; path = SubmitQuestionViewController.h; sourceTree = "<group>"; };
		95EF1EBA188049A0008BF8AC /* SubmitQuestionViewController.m */ = {isa = PBXFileReference; fileEncoding = 4; lastKnownFileType = sourcecode.c.objc; path = SubmitQuestionViewController.m; sourceTree = "<group>"; };
		95F654121886952C00014005 /* RatingViewController.h */ = {isa = PBXFileReference; fileEncoding = 4; lastKnownFileType = sourcecode.c.h; path = RatingViewController.h; sourceTree = "<group>"; };
		95F654131886952C00014005 /* RatingViewController.m */ = {isa = PBXFileReference; fileEncoding = 4; lastKnownFileType = sourcecode.c.objc; path = RatingViewController.m; sourceTree = "<group>"; };
/* End PBXFileReference section */

/* Begin PBXFrameworksBuildPhase section */
		95E75A38187C162800FFE5AD /* Frameworks */ = {
			isa = PBXFrameworksBuildPhase;
			buildActionMask = 2147483647;
			files = (
				757862BB188ED40D00F21292 /* GameKit.framework in Frameworks */,
				401EDAB31887ED1C0091AD0A /* QuartzCore.framework in Frameworks */,
				95E75A41187C162800FFE5AD /* CoreGraphics.framework in Frameworks */,
				95E75A45187C162800FFE5AD /* CoreData.framework in Frameworks */,
				20CA4BC2189AF49800CFD3E2 /* ThoMoNetworking.framework in Frameworks */,
				95E75A43187C162800FFE5AD /* UIKit.framework in Frameworks */,
				95E75A3F187C162800FFE5AD /* Foundation.framework in Frameworks */,
				9517626818898C0500730C0F /* libCorePlot-CocoaTouch.a in Frameworks */,
			);
			runOnlyForDeploymentPostprocessing = 0;
		};
		95E75A58187C162800FFE5AD /* Frameworks */ = {
			isa = PBXFrameworksBuildPhase;
			buildActionMask = 2147483647;
			files = (
				95E75A5D187C162800FFE5AD /* XCTest.framework in Frameworks */,
				95E75A60187C162800FFE5AD /* CoreData.framework in Frameworks */,
				95E75A5F187C162800FFE5AD /* UIKit.framework in Frameworks */,
				95E75A5E187C162800FFE5AD /* Foundation.framework in Frameworks */,
			);
			runOnlyForDeploymentPostprocessing = 0;
		};
/* End PBXFrameworksBuildPhase section */

/* Begin PBXGroup section */
		401EDA601887EC6F0091AD0A /* CorePlot */ = {
			isa = PBXGroup;
			children = (
				401EDA611887ECC10091AD0A /* CorePlotHeaders */,
				401EDAB01887ECC10091AD0A /* libCorePlot-CocoaTouch.a */,
			);
			name = CorePlot;
			sourceTree = "<group>";
		};
		401EDA611887ECC10091AD0A /* CorePlotHeaders */ = {
			isa = PBXGroup;
			children = (
				401EDA621887ECC10091AD0A /* CorePlot-CocoaTouch.h */,
				401EDA631887ECC10091AD0A /* CPTAnimation.h */,
				401EDA641887ECC10091AD0A /* CPTAnimationOperation.h */,
				401EDA651887ECC10091AD0A /* CPTAnimationPeriod.h */,
				401EDA661887ECC10091AD0A /* CPTAnnotation.h */,
				401EDA671887ECC10091AD0A /* CPTAnnotationHostLayer.h */,
				401EDA681887ECC10091AD0A /* CPTAxis.h */,
				401EDA691887ECC10091AD0A /* CPTAxisLabel.h */,
				401EDA6A1887ECC10091AD0A /* CPTAxisLabelGroup.h */,
				401EDA6B1887ECC10091AD0A /* CPTAxisSet.h */,
				401EDA6C1887ECC10091AD0A /* CPTAxisTitle.h */,
				401EDA6D1887ECC10091AD0A /* CPTBarPlot.h */,
				401EDA6E1887ECC10091AD0A /* CPTBorderedLayer.h */,
				401EDA6F1887ECC10091AD0A /* CPTCalendarFormatter.h */,
				401EDA701887ECC10091AD0A /* CPTColor.h */,
				401EDA711887ECC10091AD0A /* CPTColorSpace.h */,
				401EDA721887ECC10091AD0A /* CPTConstraints.h */,
				401EDA731887ECC10091AD0A /* CPTDataSourceTestCase.h */,
				401EDA741887ECC10091AD0A /* CPTDefinitions.h */,
				401EDA751887ECC10091AD0A /* CPTDerivedXYGraph.h */,
				401EDA761887ECC10091AD0A /* CPTExceptions.h */,
				401EDA771887ECC10091AD0A /* CPTFill.h */,
				401EDA781887ECC10091AD0A /* CPTFunctionDataSource.h */,
				401EDA791887ECC10091AD0A /* CPTGradient.h */,
				401EDA7A1887ECC10091AD0A /* CPTGraph.h */,
				401EDA7B1887ECC10091AD0A /* CPTGraphHostingView.h */,
				401EDA7C1887ECC10091AD0A /* CPTGridLineGroup.h */,
				401EDA7D1887ECC10091AD0A /* CPTGridLines.h */,
				401EDA7E1887ECC10091AD0A /* CPTImage.h */,
				401EDA7F1887ECC10091AD0A /* CPTLayer.h */,
				401EDA801887ECC10091AD0A /* CPTLayerAnnotation.h */,
				401EDA811887ECC10091AD0A /* CPTLegend.h */,
				401EDA821887ECC10091AD0A /* CPTLegendEntry.h */,
				401EDA831887ECC10091AD0A /* CPTLimitBand.h */,
				401EDA841887ECC10091AD0A /* CPTLineCap.h */,
				401EDA851887ECC10091AD0A /* CPTLineStyle.h */,
				401EDA861887ECC10091AD0A /* CPTMutableLineStyle.h */,
				401EDA871887ECC10091AD0A /* CPTMutableNumericData+TypeConversion.h */,
				401EDA881887ECC10091AD0A /* CPTMutableNumericData.h */,
				401EDA891887ECC10091AD0A /* CPTMutablePlotRange.h */,
				401EDA8A1887ECC10091AD0A /* CPTMutableShadow.h */,
				401EDA8B1887ECC10091AD0A /* CPTMutableTextStyle.h */,
				401EDA8C1887ECC10091AD0A /* CPTNumericData+TypeConversion.h */,
				401EDA8D1887ECC10091AD0A /* CPTNumericData.h */,
				401EDA8E1887ECC10091AD0A /* CPTNumericDataType.h */,
				401EDA8F1887ECC10091AD0A /* CPTPathExtensions.h */,
				401EDA901887ECC10091AD0A /* CPTPieChart.h */,
				401EDA911887ECC10091AD0A /* CPTPlatformSpecificCategories.h */,
				401EDA921887ECC10091AD0A /* CPTPlatformSpecificDefines.h */,
				401EDA931887ECC10091AD0A /* CPTPlatformSpecificFunctions.h */,
				401EDA941887ECC10091AD0A /* CPTPlot.h */,
				401EDA951887ECC10091AD0A /* CPTPlotArea.h */,
				401EDA961887ECC10091AD0A /* CPTPlotAreaFrame.h */,
				401EDA971887ECC10091AD0A /* CPTPlotGroup.h */,
				401EDA981887ECC10091AD0A /* CPTPlotRange.h */,
				401EDA991887ECC10091AD0A /* CPTPlotSpace.h */,
				401EDA9A1887ECC10091AD0A /* CPTPlotSpaceAnnotation.h */,
				401EDA9B1887ECC10091AD0A /* CPTPlotSymbol.h */,
				401EDA9C1887ECC10091AD0A /* CPTRangePlot.h */,
				401EDA9D1887ECC10091AD0A /* CPTResponder.h */,
				401EDA9E1887ECC10091AD0A /* CPTScatterPlot.h */,
				401EDA9F1887ECC10091AD0A /* CPTShadow.h */,
				401EDAA01887ECC10091AD0A /* CPTTestCase.h */,
				401EDAA11887ECC10091AD0A /* CPTTextLayer.h */,
				401EDAA21887ECC10091AD0A /* CPTTextStyle.h */,
				401EDAA31887ECC10091AD0A /* CPTTextStylePlatformSpecific.h */,
				401EDAA41887ECC10091AD0A /* CPTTheme.h */,
				401EDAA51887ECC10091AD0A /* CPTTimeFormatter.h */,
				401EDAA61887ECC10091AD0A /* CPTTradingRangePlot.h */,
				401EDAA71887ECC10091AD0A /* CPTUtilities.h */,
				401EDAA81887ECC10091AD0A /* CPTXYAxis.h */,
				401EDAA91887ECC10091AD0A /* CPTXYAxisSet.h */,
				401EDAAA1887ECC10091AD0A /* CPTXYGraph.h */,
				401EDAAB1887ECC10091AD0A /* CPTXYPlotSpace.h */,
				401EDAAC1887ECC10091AD0A /* mainpage.h */,
				401EDAAD1887ECC10091AD0A /* NSCoderExtensions.h */,
				401EDAAE1887ECC10091AD0A /* NSDecimalNumberExtensions.h */,
				401EDAAF1887ECC10091AD0A /* NSNumberExtensions.h */,
			);
			path = CorePlotHeaders;
			sourceTree = "<group>";
		};
		401EDABA188817A10091AD0A /* Model */ = {
			isa = PBXGroup;
			children = (
				401EDABB188817D40091AD0A /* Courses.h */,
				401EDABC188817D40091AD0A /* Courses.m */,
				20CA4BC3189AF8A300CFD3E2 /* Course.h */,
				20CA4BC4189AF8A300CFD3E2 /* Course.m */,
			);
			name = Model;
			sourceTree = "<group>";
		};
		409B1E9518896F67006E7240 /* Example Data for Plots */ = {
			isa = PBXGroup;
			children = (
				409B1E8F18896C2F006E7240 /* CPDConstants.h */,
				409B1E9018896C2F006E7240 /* CPDConstants.m */,
				409B1E9118896C2F006E7240 /* CPDStockPriceStore.h */,
				409B1E9218896C2F006E7240 /* CPDStockPriceStore.m */,
			);
			name = "Example Data for Plots";
			sourceTree = "<group>";
		};
		75D6B2C7188EBA5600FE6FEF /* Multiplayer */ = {
			isa = PBXGroup;
			children = (
				759D2FE0189977B9008A70FA /* ScoreViewController.h */,
				759D2FE1189977B9008A70FA /* ScoreViewController.m */,
				7520191618993C4D007FA2F1 /* MultiGameViewController.h */,
				7520191718993C4D007FA2F1 /* MultiGameViewController.m */,
				750496341890541D00FD8C76 /* JoinViewController.h */,
				750496351890541D00FD8C76 /* JoinViewController.m */,
				750496371890542C00FD8C76 /* HostViewController.h */,
				750496381890542C00FD8C76 /* HostViewController.m */,
			);
			name = Multiplayer;
			sourceTree = "<group>";
		};
		951762691889932A00730C0F /* Single Game */ = {
			isa = PBXGroup;
			children = (
				958F8DF41885483400F87F00 /* StartQuizViewController.h */,
				958F8DF51885483500F87F00 /* StartQuizViewController.m */,
				958F8DF718854B2B00F87F00 /* SelectCourseViewController.h */,
				958F8DF818854B2B00F87F00 /* SelectCourseViewController.m */,
				958F8DFA1885563800F87F00 /* GameViewController.h */,
				958F8DFB1885563800F87F00 /* GameViewController.m */,
				95F654121886952C00014005 /* RatingViewController.h */,
				95F654131886952C00014005 /* RatingViewController.m */,
				95EECE8C188AD5A80069CE74 /* ResultViewController.h */,
				95EECE8D188AD5A80069CE74 /* ResultViewController.m */,
				9582A721188C0EB2001E5082 /* ResultCell.h */,
				9582A722188C0EB2001E5082 /* ResultCell.m */,
			);
			name = "Single Game";
			sourceTree = "<group>";
		};
		9517626A1889935000730C0F /* Statistics */ = {
			isa = PBXGroup;
			children = (
				401EDAB71888154F0091AD0A /* SelectCourseStatisticsViewController.h */,
				401EDAB81888154F0091AD0A /* SelectCourseStatisticsViewController.m */,
				409B1E8C18895579006E7240 /* StatisticsViewController.h */,
				409B1E8D18895579006E7240 /* StatisticsViewController.m */,
				401EDAB4188813C70091AD0A /* StatisticsPageViewController.h */,
				401EDAB5188813C70091AD0A /* StatisticsPageViewController.m */,
				409B1E8918894E11006E7240 /* StatisticsPageContentViewController.h */,
				409B1E8A18894E11006E7240 /* StatisticsPageContentViewController.m */,
			);
			name = Statistics;
			sourceTree = "<group>";
		};
		9579AFB3187EF04A00747EF6 /* Data Persistence */ = {
			isa = PBXGroup;
			children = (
				9579AFB0187EF04100747EF6 /* Question.h */,
				9579AFB1187EF04100747EF6 /* Question.m */,
			);
			name = "Data Persistence";
			sourceTree = "<group>";
		};
		95978C1E187F4AFF00F68638 /* images */ = {
			isa = PBXGroup;
			children = (
				75F7ECE0189D6C6C0001F78B /* singleplayer.png */,
				75F7ECDE189D6C050001F78B /* Multiplayer_without_label.png */,
				75F7ECDA189D68690001F78B /* original_l2p_logo.png */,
				75F7ECD8189D67810001F78B /* examiner_startscreen_logo.png */,
				9535D359189C13F400E612C3 /* score_profile@2x.png */,
				03156E9318902F26006D04FC /* statistic@2x.png */,
				95DE35861885901A00BF8CB3 /* question_background.png */,
				03156E97189032AC006D04FC /* highscore@2x.png */,
				0357E1461896DDEF00C44767 /* Multiplayer@2x.png */,
				03156E9D18904D76006D04FC /* infinity@2x.png */,
				03156EA1189054AF006D04FC /* 1Minute@2x.png */,
				0357E1441896D8D800C44767 /* bestOf10@2x.png */,
				95DE358418858F5D00BF8CB3 /* sol_background.png */,
				95DE3588188594F300BF8CB3 /* sol_background_correct.png */,
				03ECD3E9188BF85300802A1B /* profile@2x.png */,
				03ECD3D7188ABFBE00802A1B /* startQuiz@2x.png */,
				03ECD3D9188BF53F00802A1B /* submitQuestion@2x.png */,
				95DE3589188594F300BF8CB3 /* sol_background_selected.png */,
				03ECD3C918896EF700802A1B /* logo_l2p@2x.png */,
				95DE358A188594F300BF8CB3 /* sol_background_wrong.png */,
			);
			name = images;
			sourceTree = "<group>";
		};
		95E75A32187C162800FFE5AD = {
			isa = PBXGroup;
			children = (
				206DC713189595930097DF7D /* L2PLoginDelegate.h */,
				2078D1E6188F41E7005C60E6 /* WebViewController.h */,
				2078D1E7188F41E7005C60E6 /* WebViewController.m */,
				2078D1E8188F41E7005C60E6 /* WebViewController.xib */,
				2078D1E1188F417B005C60E6 /* APIController.h */,
				2078D1E2188F417B005C60E6 /* APIController.m */,
				2078D1E0188F2A0F005C60E6 /* WebServicesConstants.h */,
				2078D1DF188F298A005C60E6 /* Constants.h */,
				401EDA601887EC6F0091AD0A /* CorePlot */,
				95E75A46187C162800FFE5AD /* L2P-Quiz */,
				95E75A63187C162800FFE5AD /* L2P-QuizTests */,
				95E75A3D187C162800FFE5AD /* Frameworks */,
				95E75A3C187C162800FFE5AD /* Products */,
			);
			sourceTree = "<group>";
		};
		95E75A3C187C162800FFE5AD /* Products */ = {
			isa = PBXGroup;
			children = (
				95E75A3B187C162800FFE5AD /* L2P-Quiz.app */,
				95E75A5B187C162800FFE5AD /* L2P-QuizTests.xctest */,
			);
			name = Products;
			sourceTree = "<group>";
		};
		95E75A3D187C162800FFE5AD /* Frameworks */ = {
			isa = PBXGroup;
			children = (
				20CA4BC1189AF49800CFD3E2 /* ThoMoNetworking.framework */,
				757862BA188ED40D00F21292 /* GameKit.framework */,
				401EDAB21887ED1C0091AD0A /* QuartzCore.framework */,
				95E75A3E187C162800FFE5AD /* Foundation.framework */,
				95E75A40187C162800FFE5AD /* CoreGraphics.framework */,
				95E75A42187C162800FFE5AD /* UIKit.framework */,
				95E75A44187C162800FFE5AD /* CoreData.framework */,
				95E75A5C187C162800FFE5AD /* XCTest.framework */,
			);
			name = Frameworks;
			sourceTree = "<group>";
		};
		95E75A46187C162800FFE5AD /* L2P-Quiz */ = {
			isa = PBXGroup;
			children = (
				401EDABA188817A10091AD0A /* Model */,
				9579AFB3187EF04A00747EF6 /* Data Persistence */,
				95E75A4F187C162800FFE5AD /* AppDelegate.h */,
				95E75A50187C162800FFE5AD /* AppDelegate.m */,
				409B1E9518896F67006E7240 /* Example Data for Plots */,
				95E75AFB187C248500FFE5AD /* Managers */,
				95E75AFA187C246F00FFE5AD /* ViewControllers */,
				95E75A55187C162800FFE5AD /* Images.xcassets */,
				95E75A52187C162800FFE5AD /* L2P_Quiz.xcdatamodeld */,
				95E75A76187C1A4500FFE5AD /* Main.storyboard */,
				95E75A47187C162800FFE5AD /* Supporting Files */,
			);
			path = "L2P-Quiz";
			sourceTree = "<group>";
		};
		95E75A47187C162800FFE5AD /* Supporting Files */ = {
			isa = PBXGroup;
			children = (
				95978C1E187F4AFF00F68638 /* images */,
				95E75A48187C162800FFE5AD /* L2P-Quiz-Info.plist */,
				95E75A49187C162800FFE5AD /* InfoPlist.strings */,
				95E75A4C187C162800FFE5AD /* main.m */,
				95E75A4E187C162800FFE5AD /* L2P-Quiz-Prefix.pch */,
			);
			name = "Supporting Files";
			sourceTree = "<group>";
		};
		95E75A63187C162800FFE5AD /* L2P-QuizTests */ = {
			isa = PBXGroup;
			children = (
				95E75A69187C162800FFE5AD /* L2P_QuizTests.m */,
				95E75A64187C162800FFE5AD /* Supporting Files */,
			);
			path = "L2P-QuizTests";
			sourceTree = "<group>";
		};
		95E75A64187C162800FFE5AD /* Supporting Files */ = {
			isa = PBXGroup;
			children = (
				95E75A65187C162800FFE5AD /* L2P-QuizTests-Info.plist */,
				95E75A66187C162800FFE5AD /* InfoPlist.strings */,
			);
			name = "Supporting Files";
			sourceTree = "<group>";
		};
		95E75AFA187C246F00FFE5AD /* ViewControllers */ = {
			isa = PBXGroup;
			children = (
				75D6B2C7188EBA5600FE6FEF /* Multiplayer */,
				951762691889932A00730C0F /* Single Game */,
				9517626A1889935000730C0F /* Statistics */,
				95E75A73187C1A0C00FFE5AD /* LoginViewController.h */,
				95E75A74187C1A0C00FFE5AD /* LoginViewController.m */,
				95EF1EB4187F5056008BF8AC /* MainMenuViewController.h */,
				95EF1EB5187F5056008BF8AC /* MainMenuViewController.m */,
				95EF1EB9188049A0008BF8AC /* SubmitQuestionViewController.h */,
				95EF1EBA188049A0008BF8AC /* SubmitQuestionViewController.m */,
				9535D35B189C150700E612C3 /* ProfileViewController.h */,
				9535D35C189C150700E612C3 /* ProfileViewController.m */,
			);
			name = ViewControllers;
			sourceTree = "<group>";
		};
		95E75AFB187C248500FFE5AD /* Managers */ = {
			isa = PBXGroup;
			children = (
				95E75AFC187C24A900FFE5AD /* BackgroundFetchManager.h */,
				95E75AFD187C24A900FFE5AD /* BackgroundFetchManager.m */,
				953017B5187E973F00917C7C /* ParseManager.h */,
				953017B6187E973F00917C7C /* ParseManager.m */,
				959A2DD818940B4F0036586A /* UserManager.h */,
				959A2DD918940B4F0036586A /* UserManager.m */,
				958F8DF11885472A00F87F00 /* SingleGameManager.h */,
				958F8DF21885472A00F87F00 /* SingleGameManager.m */,
				95EECE8F188AD8270069CE74 /* SolutionManager.h */,
				95EECE90188AD8270069CE74 /* SolutionManager.m */,
				9505F3361891599400A1858F /* MultiplayerManager.h */,
				9505F3371891599400A1858F /* MultiplayerManager.m */,
				75BC57A41891C211003081CE /* NetworkManager.h */,
				75BC57A51891C211003081CE /* NetworkManager.m */,
				951861E2189E66F50080ABD1 /* StatsManager.h */,
				951861E3189E66F50080ABD1 /* StatsManager.m */,
			);
			name = Managers;
			sourceTree = "<group>";
		};
/* End PBXGroup section */

/* Begin PBXNativeTarget section */
		95E75A3A187C162800FFE5AD /* L2P-Quiz */ = {
			isa = PBXNativeTarget;
			buildConfigurationList = 95E75A6D187C162800FFE5AD /* Build configuration list for PBXNativeTarget "L2P-Quiz" */;
			buildPhases = (
				95E75A37187C162800FFE5AD /* Sources */,
				95E75A38187C162800FFE5AD /* Frameworks */,
				95E75A39187C162800FFE5AD /* Resources */,
			);
			buildRules = (
			);
			dependencies = (
			);
			name = "L2P-Quiz";
			productName = "L2P-Quiz";
			productReference = 95E75A3B187C162800FFE5AD /* L2P-Quiz.app */;
			productType = "com.apple.product-type.application";
		};
		95E75A5A187C162800FFE5AD /* L2P-QuizTests */ = {
			isa = PBXNativeTarget;
			buildConfigurationList = 95E75A70187C162800FFE5AD /* Build configuration list for PBXNativeTarget "L2P-QuizTests" */;
			buildPhases = (
				95E75A57187C162800FFE5AD /* Sources */,
				95E75A58187C162800FFE5AD /* Frameworks */,
				95E75A59187C162800FFE5AD /* Resources */,
			);
			buildRules = (
			);
			dependencies = (
				95E75A62187C162800FFE5AD /* PBXTargetDependency */,
			);
			name = "L2P-QuizTests";
			productName = "L2P-QuizTests";
			productReference = 95E75A5B187C162800FFE5AD /* L2P-QuizTests.xctest */;
			productType = "com.apple.product-type.bundle.unit-test";
		};
/* End PBXNativeTarget section */

/* Begin PBXProject section */
		95E75A33187C162800FFE5AD /* Project object */ = {
			isa = PBXProject;
			attributes = {
				LastUpgradeCheck = 0500;
				ORGANIZATIONNAME = RWTHi10;
				TargetAttributes = {
					95E75A3A187C162800FFE5AD = {
						DevelopmentTeam = W88773838E;
						SystemCapabilities = {
							com.apple.BackgroundModes = {
								enabled = 1;
							};
							com.apple.GameCenter = {
								enabled = 0;
							};
						};
					};
					95E75A5A187C162800FFE5AD = {
						TestTargetID = 95E75A3A187C162800FFE5AD;
					};
				};
			};
			buildConfigurationList = 95E75A36187C162800FFE5AD /* Build configuration list for PBXProject "L2P-Quiz" */;
			compatibilityVersion = "Xcode 3.2";
			developmentRegion = English;
			hasScannedForEncodings = 0;
			knownRegions = (
				en,
			);
			mainGroup = 95E75A32187C162800FFE5AD;
			productRefGroup = 95E75A3C187C162800FFE5AD /* Products */;
			projectDirPath = "";
			projectRoot = "";
			targets = (
				95E75A3A187C162800FFE5AD /* L2P-Quiz */,
				95E75A5A187C162800FFE5AD /* L2P-QuizTests */,
			);
		};
/* End PBXProject section */

/* Begin PBXResourcesBuildPhase section */
		95E75A39187C162800FFE5AD /* Resources */ = {
			isa = PBXResourcesBuildPhase;
			buildActionMask = 2147483647;
			files = (
				95E75A4B187C162800FFE5AD /* InfoPlist.strings in Resources */,
				03ECD3DA188BF53F00802A1B /* submitQuestion@2x.png in Resources */,
				03ECD3D8188ABFBE00802A1B /* startQuiz@2x.png in Resources */,
				95E75A56187C162800FFE5AD /* Images.xcassets in Resources */,
				0357E1471896DDEF00C44767 /* Multiplayer@2x.png in Resources */,
				95DE358C188594F300BF8CB3 /* sol_background_selected.png in Resources */,
				75F7ECD9189D67810001F78B /* examiner_startscreen_logo.png in Resources */,
				95E75A77187C1A4500FFE5AD /* Main.storyboard in Resources */,
				95DE358B188594F300BF8CB3 /* sol_background_correct.png in Resources */,
				95DE358518858F5D00BF8CB3 /* sol_background.png in Resources */,
				03ECD3EA188BF85300802A1B /* profile@2x.png in Resources */,
				75F7ECDB189D68690001F78B /* original_l2p_logo.png in Resources */,
				95DE35871885901A00BF8CB3 /* question_background.png in Resources */,
				95DE358D188594F300BF8CB3 /* sol_background_wrong.png in Resources */,
				9569660D188BD9BC00B94176 /* (null) in Resources */,
				9535D35A189C13F400E612C3 /* score_profile@2x.png in Resources */,
				75F7ECDF189D6C050001F78B /* Multiplayer_without_label.png in Resources */,
				03156E9418902F26006D04FC /* statistic@2x.png in Resources */,
				03156E9E18904D76006D04FC /* infinity@2x.png in Resources */,
				2078D1EA188F41E7005C60E6 /* WebViewController.xib in Resources */,
				9569660E188BD9BC00B94176 /* (null) in Resources */,
				03156E98189032AC006D04FC /* highscore@2x.png in Resources */,
				9569660F188BD9BC00B94176 /* startQuiz@2x.png in Resources */,
				95696610188BD9BC00B94176 /* logo_l2p@2x.png in Resources */,
				75F7ECE1189D6C6C0001F78B /* singleplayer.png in Resources */,
				03156EA2189054AF006D04FC /* 1Minute@2x.png in Resources */,
				0357E1451896D8D800C44767 /* bestOf10@2x.png in Resources */,
			);
			runOnlyForDeploymentPostprocessing = 0;
		};
		95E75A59187C162800FFE5AD /* Resources */ = {
			isa = PBXResourcesBuildPhase;
			buildActionMask = 2147483647;
			files = (
				95E75A68187C162800FFE5AD /* InfoPlist.strings in Resources */,
			);
			runOnlyForDeploymentPostprocessing = 0;
		};
/* End PBXResourcesBuildPhase section */

/* Begin PBXSourcesBuildPhase section */
		95E75A37187C162800FFE5AD /* Sources */ = {
			isa = PBXSourcesBuildPhase;
			buildActionMask = 2147483647;
			files = (
				9535D357189BBF7B00E612C3 /* StatisticsViewController.m in Sources */,
				9535D358189BBF7C00E612C3 /* StatisticsPageContentViewController.m in Sources */,
				9535D355189BBEFB00E612C3 /* CPDConstants.m in Sources */,
				9535D356189BBEFC00E612C3 /* CPDStockPriceStore.m in Sources */,
				9535D35D189C150700E612C3 /* ProfileViewController.m in Sources */,
				95E75A75187C1A0C00FFE5AD /* LoginViewController.m in Sources */,
				95EF1EBB188049A0008BF8AC /* SubmitQuestionViewController.m in Sources */,
				401EDAB6188813C70091AD0A /* StatisticsPageViewController.m in Sources */,
				95E75A54187C162800FFE5AD /* L2P_Quiz.xcdatamodeld in Sources */,
				95F654141886952C00014005 /* RatingViewController.m in Sources */,
				958F8DF918854B2B00F87F00 /* SelectCourseViewController.m in Sources */,
				75BC57A61891C211003081CE /* NetworkManager.m in Sources */,
				95E75A51187C162800FFE5AD /* AppDelegate.m in Sources */,
				958F8DFC1885563800F87F00 /* GameViewController.m in Sources */,
				953017B7187E973F00917C7C /* ParseManager.m in Sources */,
				959A2DDA18940B4F0036586A /* UserManager.m in Sources */,
				20CA4BC5189AF8A300CFD3E2 /* Course.m in Sources */,
				401EDABD188817D40091AD0A /* Courses.m in Sources */,
				750496391890542C00FD8C76 /* HostViewController.m in Sources */,
				95EF1EB6187F5056008BF8AC /* MainMenuViewController.m in Sources */,
				759D2FE2189977B9008A70FA /* ScoreViewController.m in Sources */,
				9579AFB2187EF04100747EF6 /* Question.m in Sources */,
				9505F3381891599400A1858F /* MultiplayerManager.m in Sources */,
				951861E4189E66F50080ABD1 /* StatsManager.m in Sources */,
				95E75AFE187C24A900FFE5AD /* BackgroundFetchManager.m in Sources */,
				2078D1E9188F41E7005C60E6 /* WebViewController.m in Sources */,
				7520191818993C4D007FA2F1 /* MultiGameViewController.m in Sources */,
				401EDAB91888154F0091AD0A /* SelectCourseStatisticsViewController.m in Sources */,
				958F8DF61885483500F87F00 /* StartQuizViewController.m in Sources */,
				9582A723188C0EB2001E5082 /* ResultCell.m in Sources */,
				95E75A4D187C162800FFE5AD /* main.m in Sources */,
				958F8DF31885472A00F87F00 /* SingleGameManager.m in Sources */,
				95EECE8E188AD5A80069CE74 /* ResultViewController.m in Sources */,
				2078D1E4188F417B005C60E6 /* APIController.m in Sources */,
				750496361890541D00FD8C76 /* JoinViewController.m in Sources */,
				95EECE91188AD8270069CE74 /* SolutionManager.m in Sources */,
			);
			runOnlyForDeploymentPostprocessing = 0;
		};
		95E75A57187C162800FFE5AD /* Sources */ = {
			isa = PBXSourcesBuildPhase;
			buildActionMask = 2147483647;
			files = (
				95E75A6A187C162800FFE5AD /* L2P_QuizTests.m in Sources */,
			);
			runOnlyForDeploymentPostprocessing = 0;
		};
/* End PBXSourcesBuildPhase section */

/* Begin PBXTargetDependency section */
		95E75A62187C162800FFE5AD /* PBXTargetDependency */ = {
			isa = PBXTargetDependency;
			target = 95E75A3A187C162800FFE5AD /* L2P-Quiz */;
			targetProxy = 95E75A61187C162800FFE5AD /* PBXContainerItemProxy */;
		};
/* End PBXTargetDependency section */

/* Begin PBXVariantGroup section */
		95E75A49187C162800FFE5AD /* InfoPlist.strings */ = {
			isa = PBXVariantGroup;
			children = (
				95E75A4A187C162800FFE5AD /* en */,
			);
			name = InfoPlist.strings;
			sourceTree = "<group>";
		};
		95E75A66187C162800FFE5AD /* InfoPlist.strings */ = {
			isa = PBXVariantGroup;
			children = (
				95E75A67187C162800FFE5AD /* en */,
			);
			name = InfoPlist.strings;
			sourceTree = "<group>";
		};
/* End PBXVariantGroup section */

/* Begin XCBuildConfiguration section */
		95E75A6B187C162800FFE5AD /* Debug */ = {
			isa = XCBuildConfiguration;
			buildSettings = {
				ALWAYS_SEARCH_USER_PATHS = NO;
				ARCHS = "$(ARCHS_STANDARD_INCLUDING_64_BIT)";
				CLANG_CXX_LANGUAGE_STANDARD = "gnu++0x";
				CLANG_CXX_LIBRARY = "libc++";
				CLANG_ENABLE_MODULES = YES;
				CLANG_ENABLE_OBJC_ARC = YES;
				CLANG_WARN_BOOL_CONVERSION = YES;
				CLANG_WARN_CONSTANT_CONVERSION = YES;
				CLANG_WARN_DIRECT_OBJC_ISA_USAGE = YES_ERROR;
				CLANG_WARN_EMPTY_BODY = YES;
				CLANG_WARN_ENUM_CONVERSION = YES;
				CLANG_WARN_INT_CONVERSION = YES;
				CLANG_WARN_OBJC_ROOT_CLASS = YES_ERROR;
				CLANG_WARN__DUPLICATE_METHOD_MATCH = YES;
				"CODE_SIGN_IDENTITY[sdk=iphoneos*]" = "iPhone Developer";
				COPY_PHASE_STRIP = NO;
				GCC_C_LANGUAGE_STANDARD = gnu99;
				GCC_DYNAMIC_NO_PIC = NO;
				GCC_OPTIMIZATION_LEVEL = 0;
				GCC_PREPROCESSOR_DEFINITIONS = (
					"DEBUG=1",
					"$(inherited)",
				);
				GCC_SYMBOLS_PRIVATE_EXTERN = NO;
				GCC_WARN_64_TO_32_BIT_CONVERSION = YES;
				GCC_WARN_ABOUT_RETURN_TYPE = YES_ERROR;
				GCC_WARN_UNDECLARED_SELECTOR = YES;
				GCC_WARN_UNINITIALIZED_AUTOS = YES;
				GCC_WARN_UNUSED_FUNCTION = YES;
				GCC_WARN_UNUSED_VARIABLE = YES;
				IPHONEOS_DEPLOYMENT_TARGET = 7.0;
				ONLY_ACTIVE_ARCH = YES;
				SDKROOT = iphoneos;
			};
			name = Debug;
		};
		95E75A6C187C162800FFE5AD /* Release */ = {
			isa = XCBuildConfiguration;
			buildSettings = {
				ALWAYS_SEARCH_USER_PATHS = NO;
				ARCHS = "$(ARCHS_STANDARD_INCLUDING_64_BIT)";
				CLANG_CXX_LANGUAGE_STANDARD = "gnu++0x";
				CLANG_CXX_LIBRARY = "libc++";
				CLANG_ENABLE_MODULES = YES;
				CLANG_ENABLE_OBJC_ARC = YES;
				CLANG_WARN_BOOL_CONVERSION = YES;
				CLANG_WARN_CONSTANT_CONVERSION = YES;
				CLANG_WARN_DIRECT_OBJC_ISA_USAGE = YES_ERROR;
				CLANG_WARN_EMPTY_BODY = YES;
				CLANG_WARN_ENUM_CONVERSION = YES;
				CLANG_WARN_INT_CONVERSION = YES;
				CLANG_WARN_OBJC_ROOT_CLASS = YES_ERROR;
				CLANG_WARN__DUPLICATE_METHOD_MATCH = YES;
				"CODE_SIGN_IDENTITY[sdk=iphoneos*]" = "iPhone Developer";
				COPY_PHASE_STRIP = YES;
				ENABLE_NS_ASSERTIONS = NO;
				GCC_C_LANGUAGE_STANDARD = gnu99;
				GCC_WARN_64_TO_32_BIT_CONVERSION = YES;
				GCC_WARN_ABOUT_RETURN_TYPE = YES_ERROR;
				GCC_WARN_UNDECLARED_SELECTOR = YES;
				GCC_WARN_UNINITIALIZED_AUTOS = YES;
				GCC_WARN_UNUSED_FUNCTION = YES;
				GCC_WARN_UNUSED_VARIABLE = YES;
				IPHONEOS_DEPLOYMENT_TARGET = 7.0;
				SDKROOT = iphoneos;
				VALIDATE_PRODUCT = YES;
			};
			name = Release;
		};
		95E75A6E187C162800FFE5AD /* Debug */ = {
			isa = XCBuildConfiguration;
			buildSettings = {
				ARCHS = "$(ARCHS_STANDARD)";
				ASSETCATALOG_COMPILER_APPICON_NAME = AppIcon;
				ASSETCATALOG_COMPILER_LAUNCHIMAGE_NAME = LaunchImage;
				CODE_SIGN_IDENTITY = "iPhone Developer: Claude Bemtgen (6GF53VXT4G)";
				"CODE_SIGN_IDENTITY[sdk=iphoneos*]" = "iPhone Developer: Claude Bemtgen (6GF53VXT4G)";
				FRAMEWORK_SEARCH_PATHS = (
					"$(SRCROOT)",
					"$(inherited)",
				);
				GCC_PRECOMPILE_PREFIX_HEADER = YES;
				GCC_PREFIX_HEADER = "L2P-Quiz/L2P-Quiz-Prefix.pch";
				INFOPLIST_FILE = "L2P-Quiz/L2P-Quiz-Info.plist";
				LIBRARY_SEARCH_PATHS = (
					"$(SRCROOT)",
					"$(inherited)",
				);
				OTHER_LDFLAGS = (
					"-ObjC",
					"-all_load",
				);
				PRODUCT_NAME = "$(TARGET_NAME)";
				PROVISIONING_PROFILE = "";
				WRAPPER_EXTENSION = app;
			};
			name = Debug;
		};
		95E75A6F187C162800FFE5AD /* Release */ = {
			isa = XCBuildConfiguration;
			buildSettings = {
				ARCHS = "$(ARCHS_STANDARD)";
				ASSETCATALOG_COMPILER_APPICON_NAME = AppIcon;
				ASSETCATALOG_COMPILER_LAUNCHIMAGE_NAME = LaunchImage;
				CODE_SIGN_IDENTITY = "iPhone Developer: Claude Bemtgen (6GF53VXT4G)";
				"CODE_SIGN_IDENTITY[sdk=iphoneos*]" = "iPhone Developer: Claude Bemtgen (6GF53VXT4G)";
				FRAMEWORK_SEARCH_PATHS = (
					"$(SRCROOT)",
					"$(inherited)",
				);
				GCC_PRECOMPILE_PREFIX_HEADER = YES;
				GCC_PREFIX_HEADER = "L2P-Quiz/L2P-Quiz-Prefix.pch";
				INFOPLIST_FILE = "L2P-Quiz/L2P-Quiz-Info.plist";
				LIBRARY_SEARCH_PATHS = (
					"$(SRCROOT)",
					"$(inherited)",
				);
				OTHER_LDFLAGS = (
					"-ObjC",
					"-all_load",
				);
				PRODUCT_NAME = "$(TARGET_NAME)";
				PROVISIONING_PROFILE = "";
				WRAPPER_EXTENSION = app;
			};
			name = Release;
		};
		95E75A71187C162800FFE5AD /* Debug */ = {
			isa = XCBuildConfiguration;
			buildSettings = {
				ARCHS = "$(ARCHS_STANDARD_INCLUDING_64_BIT)";
				BUNDLE_LOADER = "$(BUILT_PRODUCTS_DIR)/L2P-Quiz.app/L2P-Quiz";
				FRAMEWORK_SEARCH_PATHS = (
					"$(SDKROOT)/Developer/Library/Frameworks",
					"$(inherited)",
					"$(DEVELOPER_FRAMEWORKS_DIR)",
				);
				GCC_PRECOMPILE_PREFIX_HEADER = YES;
				GCC_PREFIX_HEADER = "L2P-Quiz/L2P-Quiz-Prefix.pch";
				GCC_PREPROCESSOR_DEFINITIONS = (
					"DEBUG=1",
					"$(inherited)",
				);
				INFOPLIST_FILE = "L2P-QuizTests/L2P-QuizTests-Info.plist";
				PRODUCT_NAME = "$(TARGET_NAME)";
				TEST_HOST = "$(BUNDLE_LOADER)";
				WRAPPER_EXTENSION = xctest;
			};
			name = Debug;
		};
		95E75A72187C162800FFE5AD /* Release */ = {
			isa = XCBuildConfiguration;
			buildSettings = {
				ARCHS = "$(ARCHS_STANDARD_INCLUDING_64_BIT)";
				BUNDLE_LOADER = "$(BUILT_PRODUCTS_DIR)/L2P-Quiz.app/L2P-Quiz";
				FRAMEWORK_SEARCH_PATHS = (
					"$(SDKROOT)/Developer/Library/Frameworks",
					"$(inherited)",
					"$(DEVELOPER_FRAMEWORKS_DIR)",
				);
				GCC_PRECOMPILE_PREFIX_HEADER = YES;
				GCC_PREFIX_HEADER = "L2P-Quiz/L2P-Quiz-Prefix.pch";
				INFOPLIST_FILE = "L2P-QuizTests/L2P-QuizTests-Info.plist";
				PRODUCT_NAME = "$(TARGET_NAME)";
				TEST_HOST = "$(BUNDLE_LOADER)";
				WRAPPER_EXTENSION = xctest;
			};
			name = Release;
		};
/* End XCBuildConfiguration section */

/* Begin XCConfigurationList section */
		95E75A36187C162800FFE5AD /* Build configuration list for PBXProject "L2P-Quiz" */ = {
			isa = XCConfigurationList;
			buildConfigurations = (
				95E75A6B187C162800FFE5AD /* Debug */,
				95E75A6C187C162800FFE5AD /* Release */,
			);
			defaultConfigurationIsVisible = 0;
			defaultConfigurationName = Release;
		};
		95E75A6D187C162800FFE5AD /* Build configuration list for PBXNativeTarget "L2P-Quiz" */ = {
			isa = XCConfigurationList;
			buildConfigurations = (
				95E75A6E187C162800FFE5AD /* Debug */,
				95E75A6F187C162800FFE5AD /* Release */,
			);
			defaultConfigurationIsVisible = 0;
			defaultConfigurationName = Release;
		};
		95E75A70187C162800FFE5AD /* Build configuration list for PBXNativeTarget "L2P-QuizTests" */ = {
			isa = XCConfigurationList;
			buildConfigurations = (
				95E75A71187C162800FFE5AD /* Debug */,
				95E75A72187C162800FFE5AD /* Release */,
			);
			defaultConfigurationIsVisible = 0;
			defaultConfigurationName = Release;
		};
/* End XCConfigurationList section */

/* Begin XCVersionGroup section */
		95E75A52187C162800FFE5AD /* L2P_Quiz.xcdatamodeld */ = {
			isa = XCVersionGroup;
			children = (
				95E75A53187C162800FFE5AD /* L2P_Quiz.xcdatamodel */,
			);
			currentVersion = 95E75A53187C162800FFE5AD /* L2P_Quiz.xcdatamodel */;
			path = L2P_Quiz.xcdatamodeld;
			sourceTree = "<group>";
			versionGroupType = wrapper.xcdatamodel;
		};
/* End XCVersionGroup section */
	};
	rootObject = 95E75A33187C162800FFE5AD /* Project object */;
}
